// !$*UTF8*$!
{
	archiveVersion = 1;
	classes = {
	};
	objectVersion = 46;
	objects = {

/* Begin PBXBuildFile section */
		A00EBF4D1A77D40700565257 /* Images.xcassets in Resources */ = {isa = PBXBuildFile; fileRef = A00EBF4C1A77D40700565257 /* Images.xcassets */; };
		A00EBF5C1A77D40700565257 /* CXWeiboTests.m in Sources */ = {isa = PBXBuildFile; fileRef = A00EBF5B1A77D40700565257 /* CXWeiboTests.m */; };
		A00EBF7E1A77DC7100565257 /* AppDelegate.m in Sources */ = {isa = PBXBuildFile; fileRef = A00EBF7C1A77DC7100565257 /* AppDelegate.m */; };
		A00EBF7F1A77DC7100565257 /* main.m in Sources */ = {isa = PBXBuildFile; fileRef = A00EBF7D1A77DC7100565257 /* main.m */; };
		A00EBF821A77DCC500565257 /* CXTabBarController.m in Sources */ = {isa = PBXBuildFile; fileRef = A00EBF811A77DCC500565257 /* CXTabBarController.m */; };
		A00EBF851A77E0DE00565257 /* CXHomeViewController.m in Sources */ = {isa = PBXBuildFile; fileRef = A00EBF841A77E0DE00565257 /* CXHomeViewController.m */; };
		A00EBF881A77E12B00565257 /* CXMessageViewController.m in Sources */ = {isa = PBXBuildFile; fileRef = A00EBF871A77E12B00565257 /* CXMessageViewController.m */; };
		A00EBF8B1A77E18000565257 /* CXDiscoverViewController.m in Sources */ = {isa = PBXBuildFile; fileRef = A00EBF8A1A77E18000565257 /* CXDiscoverViewController.m */; };
		A00EBF8E1A77E1F500565257 /* CXMineViewController.m in Sources */ = {isa = PBXBuildFile; fileRef = A00EBF8D1A77E1F500565257 /* CXMineViewController.m */; };
		A00EBFA11A77F81800565257 /* CXTabBar.m in Sources */ = {isa = PBXBuildFile; fileRef = A00EBFA01A77F81800565257 /* CXTabBar.m */; };
		A00EBFA41A77FA3700565257 /* CXTabBarButton.m in Sources */ = {isa = PBXBuildFile; fileRef = A00EBFA31A77FA3700565257 /* CXTabBarButton.m */; };
		A0109DC11A825B6400504A09 /* CXStatusTopView.m in Sources */ = {isa = PBXBuildFile; fileRef = A0109DC01A825B6400504A09 /* CXStatusTopView.m */; };
		A0109DC41A8260F600504A09 /* CXReweetStatusView.m in Sources */ = {isa = PBXBuildFile; fileRef = A0109DC31A8260F600504A09 /* CXReweetStatusView.m */; };
		A0109DC71A82645100504A09 /* CXStatusToolbar.m in Sources */ = {isa = PBXBuildFile; fileRef = A0109DC61A82645100504A09 /* CXStatusToolbar.m */; };
		A01D73611A867A3B00E92602 /* CXComposeViewController.m in Sources */ = {isa = PBXBuildFile; fileRef = A01D73601A867A3B00E92602 /* CXComposeViewController.m */; };
		A01D73651A867F1800E92602 /* CXTextView.m in Sources */ = {isa = PBXBuildFile; fileRef = A01D73641A867F1800E92602 /* CXTextView.m */; };
		A05DC3241A7E05B200A565FF /* CXStatusCell.m in Sources */ = {isa = PBXBuildFile; fileRef = A05DC3231A7E05B200A565FF /* CXStatusCell.m */; };
		A05DC3271A7E56EC00A565FF /* CXStatusFrame.m in Sources */ = {isa = PBXBuildFile; fileRef = A05DC3261A7E56EC00A565FF /* CXStatusFrame.m */; };
		A0891C751A83ABFE0041E04D /* CXPhoto.m in Sources */ = {isa = PBXBuildFile; fileRef = A0891C741A83ABFE0041E04D /* CXPhoto.m */; };
		A0891C7E1A83B0E40041E04D /* CXPhotoView.m in Sources */ = {isa = PBXBuildFile; fileRef = A0891C7D1A83B0E40041E04D /* CXPhotoView.m */; };
		A0891C9F1A83C4320041E04D /* CXPhotosView.m in Sources */ = {isa = PBXBuildFile; fileRef = A0891C9E1A83C4320041E04D /* CXPhotosView.m */; };
		A09A48E61A789E6000A9B25E /* CXBadgeButton.m in Sources */ = {isa = PBXBuildFile; fileRef = A09A48E51A789E6000A9B25E /* CXBadgeButton.m */; };
		A09A48E91A793A8000A9B25E /* CXNavigationController.m in Sources */ = {isa = PBXBuildFile; fileRef = A09A48E81A793A8000A9B25E /* CXNavigationController.m */; };
		A09A48EF1A794BC300A9B25E /* CXSearchBar.m in Sources */ = {isa = PBXBuildFile; fileRef = A09A48EE1A794BC300A9B25E /* CXSearchBar.m */; };
		A0A110C51A79E39B00B7D938 /* CXNewfeatureViewController.m in Sources */ = {isa = PBXBuildFile; fileRef = A0A110C41A79E39B00B7D938 /* CXNewfeatureViewController.m */; };
		A0A110CC1A7B477400B7D938 /* CXOAuthViewController.m in Sources */ = {isa = PBXBuildFile; fileRef = A0A110CB1A7B477400B7D938 /* CXOAuthViewController.m */; };
		A0A110F11A7B543400B7D938 /* CXAccount.m in Sources */ = {isa = PBXBuildFile; fileRef = A0A110F01A7B543400B7D938 /* CXAccount.m */; };
		A0A110F51A7B5A5200B7D938 /* CXAccountTool.m in Sources */ = {isa = PBXBuildFile; fileRef = A0A110F41A7B5A5200B7D938 /* CXAccountTool.m */; };
		A0A110F81A7B5EAF00B7D938 /* CXWeiboTool.m in Sources */ = {isa = PBXBuildFile; fileRef = A0A110F71A7B5EAF00B7D938 /* CXWeiboTool.m */; };
		A0A111041A7B67B800B7D938 /* CXTitleButton.m in Sources */ = {isa = PBXBuildFile; fileRef = A0A111031A7B67B800B7D938 /* CXTitleButton.m */; };
		A0ACCD5C1AA3F458000BD1A6 /* CXStatusCacheTool.m in Sources */ = {isa = PBXBuildFile; fileRef = A0ACCD5B1AA3F458000BD1A6 /* CXStatusCacheTool.m */; };
		A0ACCD611AA3F57C000BD1A6 /* CXHomeStatusesParam.m in Sources */ = {isa = PBXBuildFile; fileRef = A0ACCD601AA3F57C000BD1A6 /* CXHomeStatusesParam.m */; };
		A0ACCD651AA3F5E8000BD1A6 /* CXBaseParam.m in Sources */ = {isa = PBXBuildFile; fileRef = A0ACCD641AA3F5E8000BD1A6 /* CXBaseParam.m */; };
		A0ACCD721AA3F74B000BD1A6 /* FMDatabase.m in Sources */ = {isa = PBXBuildFile; fileRef = A0ACCD681AA3F74B000BD1A6 /* FMDatabase.m */; };
		A0ACCD731AA3F74B000BD1A6 /* FMDatabaseAdditions.m in Sources */ = {isa = PBXBuildFile; fileRef = A0ACCD6A1AA3F74B000BD1A6 /* FMDatabaseAdditions.m */; };
		A0ACCD741AA3F74B000BD1A6 /* FMDatabasePool.m in Sources */ = {isa = PBXBuildFile; fileRef = A0ACCD6C1AA3F74B000BD1A6 /* FMDatabasePool.m */; };
		A0ACCD751AA3F74B000BD1A6 /* FMDatabaseQueue.m in Sources */ = {isa = PBXBuildFile; fileRef = A0ACCD6E1AA3F74B000BD1A6 /* FMDatabaseQueue.m */; };
		A0ACCD761AA3F74B000BD1A6 /* FMResultSet.m in Sources */ = {isa = PBXBuildFile; fileRef = A0ACCD711AA3F74B000BD1A6 /* FMResultSet.m */; };
		A0ACCD781AA3F994000BD1A6 /* libsqlite3.dylib in Frameworks */ = {isa = PBXBuildFile; fileRef = A0ACCD771AA3F994000BD1A6 /* libsqlite3.dylib */; };
		A0AEF39E1A7CB5C1009F8B80 /* CXStatus.m in Sources */ = {isa = PBXBuildFile; fileRef = A0AEF39D1A7CB5C1009F8B80 /* CXStatus.m */; };
		A0AEF3A11A7CB66A009F8B80 /* CXUser.m in Sources */ = {isa = PBXBuildFile; fileRef = A0AEF3A01A7CB66A009F8B80 /* CXUser.m */; };
		A0C55F421A871CF0004657AC /* CXComposeToolbar.m in Sources */ = {isa = PBXBuildFile; fileRef = A0C55F411A871CF0004657AC /* CXComposeToolbar.m */; };
		A0FD3D6A1A87B98300960BBD /* CXComposePhotosView.m in Sources */ = {isa = PBXBuildFile; fileRef = A0FD3D691A87B98300960BBD /* CXComposePhotosView.m */; };
		A0FD3DDA1A87C17400960BBD /* AFHTTPRequestOperation.m in Sources */ = {isa = PBXBuildFile; fileRef = A0FD3D6E1A87C17400960BBD /* AFHTTPRequestOperation.m */; };
		A0FD3DDB1A87C17400960BBD /* AFHTTPRequestOperationManager.m in Sources */ = {isa = PBXBuildFile; fileRef = A0FD3D701A87C17400960BBD /* AFHTTPRequestOperationManager.m */; };
		A0FD3DDC1A87C17400960BBD /* AFHTTPSessionManager.m in Sources */ = {isa = PBXBuildFile; fileRef = A0FD3D721A87C17400960BBD /* AFHTTPSessionManager.m */; };
		A0FD3DDD1A87C17400960BBD /* AFNetworkReachabilityManager.m in Sources */ = {isa = PBXBuildFile; fileRef = A0FD3D751A87C17400960BBD /* AFNetworkReachabilityManager.m */; };
		A0FD3DDE1A87C17400960BBD /* AFSecurityPolicy.m in Sources */ = {isa = PBXBuildFile; fileRef = A0FD3D771A87C17400960BBD /* AFSecurityPolicy.m */; };
		A0FD3DDF1A87C17400960BBD /* AFURLConnectionOperation.m in Sources */ = {isa = PBXBuildFile; fileRef = A0FD3D791A87C17400960BBD /* AFURLConnectionOperation.m */; };
		A0FD3DE01A87C17400960BBD /* AFURLRequestSerialization.m in Sources */ = {isa = PBXBuildFile; fileRef = A0FD3D7B1A87C17400960BBD /* AFURLRequestSerialization.m */; };
		A0FD3DE11A87C17400960BBD /* AFURLResponseSerialization.m in Sources */ = {isa = PBXBuildFile; fileRef = A0FD3D7D1A87C17400960BBD /* AFURLResponseSerialization.m */; };
		A0FD3DE21A87C17400960BBD /* AFURLSessionManager.m in Sources */ = {isa = PBXBuildFile; fileRef = A0FD3D7F1A87C17400960BBD /* AFURLSessionManager.m */; };
		A0FD3DE31A87C17400960BBD /* MBProgressHUD+MJ.m in Sources */ = {isa = PBXBuildFile; fileRef = A0FD3D821A87C17400960BBD /* MBProgressHUD+MJ.m */; };
		A0FD3DE41A87C17400960BBD /* MBProgressHUD.bundle in Resources */ = {isa = PBXBuildFile; fileRef = A0FD3D831A87C17400960BBD /* MBProgressHUD.bundle */; };
		A0FD3DE51A87C17400960BBD /* MBProgressHUD.m in Sources */ = {isa = PBXBuildFile; fileRef = A0FD3D851A87C17400960BBD /* MBProgressHUD.m */; };
		A0FD3DE61A87C17400960BBD /* MJArgument.m in Sources */ = {isa = PBXBuildFile; fileRef = A0FD3D881A87C17400960BBD /* MJArgument.m */; };
		A0FD3DE71A87C17400960BBD /* MJIvar.m in Sources */ = {isa = PBXBuildFile; fileRef = A0FD3D8B1A87C17400960BBD /* MJIvar.m */; };
		A0FD3DE81A87C17400960BBD /* MJMember.m in Sources */ = {isa = PBXBuildFile; fileRef = A0FD3D8D1A87C17400960BBD /* MJMember.m */; };
		A0FD3DE91A87C17400960BBD /* MJMethod.m in Sources */ = {isa = PBXBuildFile; fileRef = A0FD3D8F1A87C17400960BBD /* MJMethod.m */; };
		A0FD3DEA1A87C17400960BBD /* MJType.m in Sources */ = {isa = PBXBuildFile; fileRef = A0FD3D911A87C17400960BBD /* MJType.m */; };
		A0FD3DEB1A87C17400960BBD /* MJTypeEncoding.m in Sources */ = {isa = PBXBuildFile; fileRef = A0FD3D931A87C17400960BBD /* MJTypeEncoding.m */; };
		A0FD3DEC1A87C17400960BBD /* NSObject+MJCoding.m in Sources */ = {isa = PBXBuildFile; fileRef = A0FD3D951A87C17400960BBD /* NSObject+MJCoding.m */; };
		A0FD3DED1A87C17400960BBD /* NSObject+MJKeyValue.m in Sources */ = {isa = PBXBuildFile; fileRef = A0FD3D971A87C17400960BBD /* NSObject+MJKeyValue.m */; };
		A0FD3DEE1A87C17400960BBD /* NSObject+MJMember.m in Sources */ = {isa = PBXBuildFile; fileRef = A0FD3D991A87C17400960BBD /* NSObject+MJMember.m */; };
		A0FD3DEF1A87C17400960BBD /* MJPhoto.m in Sources */ = {isa = PBXBuildFile; fileRef = A0FD3D9C1A87C17400960BBD /* MJPhoto.m */; };
		A0FD3DF01A87C17400960BBD /* MJPhotoBrowser.bundle in Resources */ = {isa = PBXBuildFile; fileRef = A0FD3D9D1A87C17400960BBD /* MJPhotoBrowser.bundle */; };
		A0FD3DF11A87C17400960BBD /* MJPhotoBrowser.m in Sources */ = {isa = PBXBuildFile; fileRef = A0FD3D9F1A87C17400960BBD /* MJPhotoBrowser.m */; };
		A0FD3DF21A87C17400960BBD /* MJPhotoLoadingView.m in Sources */ = {isa = PBXBuildFile; fileRef = A0FD3DA11A87C17400960BBD /* MJPhotoLoadingView.m */; };
		A0FD3DF31A87C17400960BBD /* MJPhotoProgressView.m in Sources */ = {isa = PBXBuildFile; fileRef = A0FD3DA31A87C17400960BBD /* MJPhotoProgressView.m */; };
		A0FD3DF41A87C17400960BBD /* MJPhotoToolbar.m in Sources */ = {isa = PBXBuildFile; fileRef = A0FD3DA51A87C17400960BBD /* MJPhotoToolbar.m */; };
		A0FD3DF51A87C17400960BBD /* MJPhotoView.m in Sources */ = {isa = PBXBuildFile; fileRef = A0FD3DA71A87C17400960BBD /* MJPhotoView.m */; };
		A0FD3DF61A87C17400960BBD /* SDWebImageManager+MJ.m in Sources */ = {isa = PBXBuildFile; fileRef = A0FD3DA91A87C17400960BBD /* SDWebImageManager+MJ.m */; };
		A0FD3DF71A87C17400960BBD /* MJRefresh.bundle in Resources */ = {isa = PBXBuildFile; fileRef = A0FD3DAB1A87C17400960BBD /* MJRefresh.bundle */; };
		A0FD3DF81A87C17400960BBD /* MJRefreshBaseView.m in Sources */ = {isa = PBXBuildFile; fileRef = A0FD3DAE1A87C17400960BBD /* MJRefreshBaseView.m */; };
		A0FD3DF91A87C17400960BBD /* MJRefreshConst.m in Sources */ = {isa = PBXBuildFile; fileRef = A0FD3DB01A87C17400960BBD /* MJRefreshConst.m */; };
		A0FD3DFA1A87C17400960BBD /* MJRefreshFooterView.m in Sources */ = {isa = PBXBuildFile; fileRef = A0FD3DB21A87C17400960BBD /* MJRefreshFooterView.m */; };
		A0FD3DFB1A87C17400960BBD /* MJRefreshHeaderView.m in Sources */ = {isa = PBXBuildFile; fileRef = A0FD3DB41A87C17400960BBD /* MJRefreshHeaderView.m */; };
		A0FD3DFC1A87C17400960BBD /* MKAnnotationView+WebCache.m in Sources */ = {isa = PBXBuildFile; fileRef = A0FD3DB71A87C17400960BBD /* MKAnnotationView+WebCache.m */; };
		A0FD3DFD1A87C17400960BBD /* NSData+ImageContentType.m in Sources */ = {isa = PBXBuildFile; fileRef = A0FD3DB91A87C17400960BBD /* NSData+ImageContentType.m */; };
		A0FD3DFE1A87C17400960BBD /* SDImageCache.m in Sources */ = {isa = PBXBuildFile; fileRef = A0FD3DBB1A87C17400960BBD /* SDImageCache.m */; };
		A0FD3DFF1A87C17400960BBD /* SDWebImageCompat.m in Sources */ = {isa = PBXBuildFile; fileRef = A0FD3DBD1A87C17400960BBD /* SDWebImageCompat.m */; };
		A0FD3E001A87C17400960BBD /* SDWebImageDecoder.m in Sources */ = {isa = PBXBuildFile; fileRef = A0FD3DBF1A87C17400960BBD /* SDWebImageDecoder.m */; };
		A0FD3E011A87C17400960BBD /* SDWebImageDownloader.m in Sources */ = {isa = PBXBuildFile; fileRef = A0FD3DC11A87C17400960BBD /* SDWebImageDownloader.m */; };
		A0FD3E021A87C17400960BBD /* SDWebImageDownloaderOperation.m in Sources */ = {isa = PBXBuildFile; fileRef = A0FD3DC31A87C17400960BBD /* SDWebImageDownloaderOperation.m */; };
		A0FD3E031A87C17400960BBD /* SDWebImageManager.m in Sources */ = {isa = PBXBuildFile; fileRef = A0FD3DC51A87C17400960BBD /* SDWebImageManager.m */; };
		A0FD3E041A87C17400960BBD /* SDWebImagePrefetcher.m in Sources */ = {isa = PBXBuildFile; fileRef = A0FD3DC81A87C17400960BBD /* SDWebImagePrefetcher.m */; };
		A0FD3E051A87C17400960BBD /* UIButton+WebCache.m in Sources */ = {isa = PBXBuildFile; fileRef = A0FD3DCA1A87C17400960BBD /* UIButton+WebCache.m */; };
		A0FD3E061A87C17400960BBD /* UIImage+GIF.m in Sources */ = {isa = PBXBuildFile; fileRef = A0FD3DCC1A87C17400960BBD /* UIImage+GIF.m */; };
		A0FD3E071A87C17400960BBD /* UIImage+MultiFormat.m in Sources */ = {isa = PBXBuildFile; fileRef = A0FD3DCE1A87C17400960BBD /* UIImage+MultiFormat.m */; };
		A0FD3E081A87C17400960BBD /* UIImage+WebP.m in Sources */ = {isa = PBXBuildFile; fileRef = A0FD3DD01A87C17400960BBD /* UIImage+WebP.m */; };
		A0FD3E091A87C17400960BBD /* UIImageView+HighlightedWebCache.m in Sources */ = {isa = PBXBuildFile; fileRef = A0FD3DD21A87C17400960BBD /* UIImageView+HighlightedWebCache.m */; };
		A0FD3E0A1A87C17400960BBD /* UIImageView+WebCache.m in Sources */ = {isa = PBXBuildFile; fileRef = A0FD3DD41A87C17400960BBD /* UIImageView+WebCache.m */; };
		A0FD3E0B1A87C17400960BBD /* UIView+WebCacheOperation.m in Sources */ = {isa = PBXBuildFile; fileRef = A0FD3DD61A87C17400960BBD /* UIView+WebCacheOperation.m */; };
		A0FD3E0C1A87C17400960BBD /* CHTumblrMenuView.m in Sources */ = {isa = PBXBuildFile; fileRef = A0FD3DD91A87C17400960BBD /* CHTumblrMenuView.m */; };
		A0FD3E141A87C1AB00960BBD /* NSDate+CX.m in Sources */ = {isa = PBXBuildFile; fileRef = A0FD3E0F1A87C1AB00960BBD /* NSDate+CX.m */; };
		A0FD3E151A87C1AB00960BBD /* UIBarButtonItem+CX.m in Sources */ = {isa = PBXBuildFile; fileRef = A0FD3E111A87C1AB00960BBD /* UIBarButtonItem+CX.m */; };
		A0FD3E161A87C1AB00960BBD /* UIImage+CX.m in Sources */ = {isa = PBXBuildFile; fileRef = A0FD3E131A87C1AB00960BBD /* UIImage+CX.m */; };
		A0FD3E1A1A87C22000960BBD /* CXHttpTool.m in Sources */ = {isa = PBXBuildFile; fileRef = A0FD3E191A87C22000960BBD /* CXHttpTool.m */; };
/* End PBXBuildFile section */

/* Begin PBXContainerItemProxy section */
		A00EBF561A77D40700565257 /* PBXContainerItemProxy */ = {
			isa = PBXContainerItemProxy;
			containerPortal = A00EBF341A77D40700565257 /* Project object */;
			proxyType = 1;
			remoteGlobalIDString = A00EBF3B1A77D40700565257;
			remoteInfo = CXWeibo;
		};
/* End PBXContainerItemProxy section */

/* Begin PBXFileReference section */
		A00EBF3C1A77D40700565257 /* CXWeibo.app */ = {isa = PBXFileReference; explicitFileType = wrapper.application; includeInIndex = 0; path = CXWeibo.app; sourceTree = BUILT_PRODUCTS_DIR; };
		A00EBF401A77D40700565257 /* Info.plist */ = {isa = PBXFileReference; lastKnownFileType = text.plist.xml; path = Info.plist; sourceTree = "<group>"; };
		A00EBF4C1A77D40700565257 /* Images.xcassets */ = {isa = PBXFileReference; lastKnownFileType = folder.assetcatalog; path = Images.xcassets; sourceTree = "<group>"; };
		A00EBF551A77D40700565257 /* CXWeiboTests.xctest */ = {isa = PBXFileReference; explicitFileType = wrapper.cfbundle; includeInIndex = 0; path = CXWeiboTests.xctest; sourceTree = BUILT_PRODUCTS_DIR; };
		A00EBF5A1A77D40700565257 /* Info.plist */ = {isa = PBXFileReference; lastKnownFileType = text.plist.xml; path = Info.plist; sourceTree = "<group>"; };
		A00EBF5B1A77D40700565257 /* CXWeiboTests.m */ = {isa = PBXFileReference; lastKnownFileType = sourcecode.c.objc; path = CXWeiboTests.m; sourceTree = "<group>"; };
		A00EBF7B1A77DC7100565257 /* AppDelegate.h */ = {isa = PBXFileReference; fileEncoding = 4; lastKnownFileType = sourcecode.c.h; path = AppDelegate.h; sourceTree = "<group>"; };
		A00EBF7C1A77DC7100565257 /* AppDelegate.m */ = {isa = PBXFileReference; fileEncoding = 4; lastKnownFileType = sourcecode.c.objc; path = AppDelegate.m; sourceTree = "<group>"; };
		A00EBF7D1A77DC7100565257 /* main.m */ = {isa = PBXFileReference; fileEncoding = 4; lastKnownFileType = sourcecode.c.objc; path = main.m; sourceTree = "<group>"; };
		A00EBF801A77DCC500565257 /* CXTabBarController.h */ = {isa = PBXFileReference; fileEncoding = 4; lastKnownFileType = sourcecode.c.h; path = CXTabBarController.h; sourceTree = "<group>"; };
		A00EBF811A77DCC500565257 /* CXTabBarController.m */ = {isa = PBXFileReference; fileEncoding = 4; lastKnownFileType = sourcecode.c.objc; path = CXTabBarController.m; sourceTree = "<group>"; };
		A00EBF831A77E0DE00565257 /* CXHomeViewController.h */ = {isa = PBXFileReference; fileEncoding = 4; lastKnownFileType = sourcecode.c.h; path = CXHomeViewController.h; sourceTree = "<group>"; };
		A00EBF841A77E0DE00565257 /* CXHomeViewController.m */ = {isa = PBXFileReference; fileEncoding = 4; lastKnownFileType = sourcecode.c.objc; path = CXHomeViewController.m; sourceTree = "<group>"; };
		A00EBF861A77E12B00565257 /* CXMessageViewController.h */ = {isa = PBXFileReference; fileEncoding = 4; lastKnownFileType = sourcecode.c.h; path = CXMessageViewController.h; sourceTree = "<group>"; };
		A00EBF871A77E12B00565257 /* CXMessageViewController.m */ = {isa = PBXFileReference; fileEncoding = 4; lastKnownFileType = sourcecode.c.objc; path = CXMessageViewController.m; sourceTree = "<group>"; };
		A00EBF891A77E18000565257 /* CXDiscoverViewController.h */ = {isa = PBXFileReference; fileEncoding = 4; lastKnownFileType = sourcecode.c.h; path = CXDiscoverViewController.h; sourceTree = "<group>"; };
		A00EBF8A1A77E18000565257 /* CXDiscoverViewController.m */ = {isa = PBXFileReference; fileEncoding = 4; lastKnownFileType = sourcecode.c.objc; path = CXDiscoverViewController.m; sourceTree = "<group>"; };
		A00EBF8C1A77E1F500565257 /* CXMineViewController.h */ = {isa = PBXFileReference; fileEncoding = 4; lastKnownFileType = sourcecode.c.h; path = CXMineViewController.h; sourceTree = "<group>"; };
		A00EBF8D1A77E1F500565257 /* CXMineViewController.m */ = {isa = PBXFileReference; fileEncoding = 4; lastKnownFileType = sourcecode.c.objc; path = CXMineViewController.m; sourceTree = "<group>"; };
		A00EBF8F1A77EDDB00565257 /* PrefixHeader.pch */ = {isa = PBXFileReference; lastKnownFileType = sourcecode.c.h; path = PrefixHeader.pch; sourceTree = "<group>"; };
		A00EBF9F1A77F81800565257 /* CXTabBar.h */ = {isa = PBXFileReference; fileEncoding = 4; lastKnownFileType = sourcecode.c.h; path = CXTabBar.h; sourceTree = "<group>"; };
		A00EBFA01A77F81800565257 /* CXTabBar.m */ = {isa = PBXFileReference; fileEncoding = 4; lastKnownFileType = sourcecode.c.objc; path = CXTabBar.m; sourceTree = "<group>"; };
		A00EBFA21A77FA3700565257 /* CXTabBarButton.h */ = {isa = PBXFileReference; fileEncoding = 4; lastKnownFileType = sourcecode.c.h; path = CXTabBarButton.h; sourceTree = "<group>"; };
		A00EBFA31A77FA3700565257 /* CXTabBarButton.m */ = {isa = PBXFileReference; fileEncoding = 4; lastKnownFileType = sourcecode.c.objc; path = CXTabBarButton.m; sourceTree = "<group>"; };
		A0109DBF1A825B6400504A09 /* CXStatusTopView.h */ = {isa = PBXFileReference; fileEncoding = 4; lastKnownFileType = sourcecode.c.h; path = CXStatusTopView.h; sourceTree = "<group>"; };
		A0109DC01A825B6400504A09 /* CXStatusTopView.m */ = {isa = PBXFileReference; fileEncoding = 4; lastKnownFileType = sourcecode.c.objc; path = CXStatusTopView.m; sourceTree = "<group>"; };
		A0109DC21A8260F600504A09 /* CXReweetStatusView.h */ = {isa = PBXFileReference; fileEncoding = 4; lastKnownFileType = sourcecode.c.h; path = CXReweetStatusView.h; sourceTree = "<group>"; };
		A0109DC31A8260F600504A09 /* CXReweetStatusView.m */ = {isa = PBXFileReference; fileEncoding = 4; lastKnownFileType = sourcecode.c.objc; path = CXReweetStatusView.m; sourceTree = "<group>"; };
		A0109DC51A82645100504A09 /* CXStatusToolbar.h */ = {isa = PBXFileReference; fileEncoding = 4; lastKnownFileType = sourcecode.c.h; path = CXStatusToolbar.h; sourceTree = "<group>"; };
		A0109DC61A82645100504A09 /* CXStatusToolbar.m */ = {isa = PBXFileReference; fileEncoding = 4; lastKnownFileType = sourcecode.c.objc; path = CXStatusToolbar.m; sourceTree = "<group>"; };
		A01D735F1A867A3B00E92602 /* CXComposeViewController.h */ = {isa = PBXFileReference; fileEncoding = 4; lastKnownFileType = sourcecode.c.h; path = CXComposeViewController.h; sourceTree = "<group>"; };
		A01D73601A867A3B00E92602 /* CXComposeViewController.m */ = {isa = PBXFileReference; fileEncoding = 4; lastKnownFileType = sourcecode.c.objc; path = CXComposeViewController.m; sourceTree = "<group>"; };
		A01D73631A867F1800E92602 /* CXTextView.h */ = {isa = PBXFileReference; fileEncoding = 4; lastKnownFileType = sourcecode.c.h; path = CXTextView.h; sourceTree = "<group>"; };
		A01D73641A867F1800E92602 /* CXTextView.m */ = {isa = PBXFileReference; fileEncoding = 4; lastKnownFileType = sourcecode.c.objc; path = CXTextView.m; sourceTree = "<group>"; };
		A05DC3221A7E05B200A565FF /* CXStatusCell.h */ = {isa = PBXFileReference; fileEncoding = 4; lastKnownFileType = sourcecode.c.h; path = CXStatusCell.h; sourceTree = "<group>"; };
		A05DC3231A7E05B200A565FF /* CXStatusCell.m */ = {isa = PBXFileReference; fileEncoding = 4; lastKnownFileType = sourcecode.c.objc; path = CXStatusCell.m; sourceTree = "<group>"; };
		A05DC3251A7E56EC00A565FF /* CXStatusFrame.h */ = {isa = PBXFileReference; fileEncoding = 4; lastKnownFileType = sourcecode.c.h; path = CXStatusFrame.h; sourceTree = "<group>"; };
		A05DC3261A7E56EC00A565FF /* CXStatusFrame.m */ = {isa = PBXFileReference; fileEncoding = 4; lastKnownFileType = sourcecode.c.objc; path = CXStatusFrame.m; sourceTree = "<group>"; };
		A0891C731A83ABFE0041E04D /* CXPhoto.h */ = {isa = PBXFileReference; fileEncoding = 4; lastKnownFileType = sourcecode.c.h; path = CXPhoto.h; sourceTree = "<group>"; };
		A0891C741A83ABFE0041E04D /* CXPhoto.m */ = {isa = PBXFileReference; fileEncoding = 4; lastKnownFileType = sourcecode.c.objc; path = CXPhoto.m; sourceTree = "<group>"; };
		A0891C7C1A83B0E40041E04D /* CXPhotoView.h */ = {isa = PBXFileReference; fileEncoding = 4; lastKnownFileType = sourcecode.c.h; path = CXPhotoView.h; sourceTree = "<group>"; };
		A0891C7D1A83B0E40041E04D /* CXPhotoView.m */ = {isa = PBXFileReference; fileEncoding = 4; lastKnownFileType = sourcecode.c.objc; path = CXPhotoView.m; sourceTree = "<group>"; };
		A0891C9D1A83C4320041E04D /* CXPhotosView.h */ = {isa = PBXFileReference; fileEncoding = 4; lastKnownFileType = sourcecode.c.h; path = CXPhotosView.h; sourceTree = "<group>"; };
		A0891C9E1A83C4320041E04D /* CXPhotosView.m */ = {isa = PBXFileReference; fileEncoding = 4; lastKnownFileType = sourcecode.c.objc; path = CXPhotosView.m; sourceTree = "<group>"; };
		A09A48E41A789E6000A9B25E /* CXBadgeButton.h */ = {isa = PBXFileReference; fileEncoding = 4; lastKnownFileType = sourcecode.c.h; path = CXBadgeButton.h; sourceTree = "<group>"; };
		A09A48E51A789E6000A9B25E /* CXBadgeButton.m */ = {isa = PBXFileReference; fileEncoding = 4; lastKnownFileType = sourcecode.c.objc; path = CXBadgeButton.m; sourceTree = "<group>"; };
		A09A48E71A793A8000A9B25E /* CXNavigationController.h */ = {isa = PBXFileReference; fileEncoding = 4; lastKnownFileType = sourcecode.c.h; path = CXNavigationController.h; sourceTree = "<group>"; };
		A09A48E81A793A8000A9B25E /* CXNavigationController.m */ = {isa = PBXFileReference; fileEncoding = 4; lastKnownFileType = sourcecode.c.objc; path = CXNavigationController.m; sourceTree = "<group>"; };
		A09A48ED1A794BC300A9B25E /* CXSearchBar.h */ = {isa = PBXFileReference; fileEncoding = 4; lastKnownFileType = sourcecode.c.h; path = CXSearchBar.h; sourceTree = "<group>"; };
		A09A48EE1A794BC300A9B25E /* CXSearchBar.m */ = {isa = PBXFileReference; fileEncoding = 4; lastKnownFileType = sourcecode.c.objc; path = CXSearchBar.m; sourceTree = "<group>"; };
		A0A110C31A79E39B00B7D938 /* CXNewfeatureViewController.h */ = {isa = PBXFileReference; fileEncoding = 4; lastKnownFileType = sourcecode.c.h; path = CXNewfeatureViewController.h; sourceTree = "<group>"; };
		A0A110C41A79E39B00B7D938 /* CXNewfeatureViewController.m */ = {isa = PBXFileReference; fileEncoding = 4; lastKnownFileType = sourcecode.c.objc; path = CXNewfeatureViewController.m; sourceTree = "<group>"; };
		A0A110CA1A7B477400B7D938 /* CXOAuthViewController.h */ = {isa = PBXFileReference; fileEncoding = 4; lastKnownFileType = sourcecode.c.h; path = CXOAuthViewController.h; sourceTree = "<group>"; };
		A0A110CB1A7B477400B7D938 /* CXOAuthViewController.m */ = {isa = PBXFileReference; fileEncoding = 4; lastKnownFileType = sourcecode.c.objc; path = CXOAuthViewController.m; sourceTree = "<group>"; };
		A0A110EF1A7B543400B7D938 /* CXAccount.h */ = {isa = PBXFileReference; fileEncoding = 4; lastKnownFileType = sourcecode.c.h; path = CXAccount.h; sourceTree = "<group>"; };
		A0A110F01A7B543400B7D938 /* CXAccount.m */ = {isa = PBXFileReference; fileEncoding = 4; lastKnownFileType = sourcecode.c.objc; path = CXAccount.m; sourceTree = "<group>"; };
		A0A110F31A7B5A5200B7D938 /* CXAccountTool.h */ = {isa = PBXFileReference; fileEncoding = 4; lastKnownFileType = sourcecode.c.h; path = CXAccountTool.h; sourceTree = "<group>"; };
		A0A110F41A7B5A5200B7D938 /* CXAccountTool.m */ = {isa = PBXFileReference; fileEncoding = 4; lastKnownFileType = sourcecode.c.objc; path = CXAccountTool.m; sourceTree = "<group>"; };
		A0A110F61A7B5EAF00B7D938 /* CXWeiboTool.h */ = {isa = PBXFileReference; fileEncoding = 4; lastKnownFileType = sourcecode.c.h; path = CXWeiboTool.h; sourceTree = "<group>"; };
		A0A110F71A7B5EAF00B7D938 /* CXWeiboTool.m */ = {isa = PBXFileReference; fileEncoding = 4; lastKnownFileType = sourcecode.c.objc; path = CXWeiboTool.m; sourceTree = "<group>"; };
		A0A111021A7B67B800B7D938 /* CXTitleButton.h */ = {isa = PBXFileReference; fileEncoding = 4; lastKnownFileType = sourcecode.c.h; path = CXTitleButton.h; sourceTree = "<group>"; };
		A0A111031A7B67B800B7D938 /* CXTitleButton.m */ = {isa = PBXFileReference; fileEncoding = 4; lastKnownFileType = sourcecode.c.objc; path = CXTitleButton.m; sourceTree = "<group>"; };
		A0AB607C1A8529E100179000 /* CXCommon.h */ = {isa = PBXFileReference; fileEncoding = 4; lastKnownFileType = sourcecode.c.h; path = CXCommon.h; sourceTree = "<group>"; };
		A0ACCD5A1AA3F458000BD1A6 /* CXStatusCacheTool.h */ = {isa = PBXFileReference; fileEncoding = 4; lastKnownFileType = sourcecode.c.h; path = CXStatusCacheTool.h; sourceTree = "<group>"; };
		A0ACCD5B1AA3F458000BD1A6 /* CXStatusCacheTool.m */ = {isa = PBXFileReference; fileEncoding = 4; lastKnownFileType = sourcecode.c.objc; path = CXStatusCacheTool.m; sourceTree = "<group>"; };
		A0ACCD5F1AA3F57C000BD1A6 /* CXHomeStatusesParam.h */ = {isa = PBXFileReference; fileEncoding = 4; lastKnownFileType = sourcecode.c.h; path = CXHomeStatusesParam.h; sourceTree = "<group>"; };
		A0ACCD601AA3F57C000BD1A6 /* CXHomeStatusesParam.m */ = {isa = PBXFileReference; fileEncoding = 4; lastKnownFileType = sourcecode.c.objc; path = CXHomeStatusesParam.m; sourceTree = "<group>"; };
		A0ACCD631AA3F5E8000BD1A6 /* CXBaseParam.h */ = {isa = PBXFileReference; fileEncoding = 4; lastKnownFileType = sourcecode.c.h; path = CXBaseParam.h; sourceTree = "<group>"; };
		A0ACCD641AA3F5E8000BD1A6 /* CXBaseParam.m */ = {isa = PBXFileReference; fileEncoding = 4; lastKnownFileType = sourcecode.c.objc; path = CXBaseParam.m; sourceTree = "<group>"; };
		A0ACCD671AA3F74B000BD1A6 /* FMDatabase.h */ = {isa = PBXFileReference; fileEncoding = 4; lastKnownFileType = sourcecode.c.h; path = FMDatabase.h; sourceTree = "<group>"; };
		A0ACCD681AA3F74B000BD1A6 /* FMDatabase.m */ = {isa = PBXFileReference; fileEncoding = 4; lastKnownFileType = sourcecode.c.objc; path = FMDatabase.m; sourceTree = "<group>"; };
		A0ACCD691AA3F74B000BD1A6 /* FMDatabaseAdditions.h */ = {isa = PBXFileReference; fileEncoding = 4; lastKnownFileType = sourcecode.c.h; path = FMDatabaseAdditions.h; sourceTree = "<group>"; };
		A0ACCD6A1AA3F74B000BD1A6 /* FMDatabaseAdditions.m */ = {isa = PBXFileReference; fileEncoding = 4; lastKnownFileType = sourcecode.c.objc; path = FMDatabaseAdditions.m; sourceTree = "<group>"; };
		A0ACCD6B1AA3F74B000BD1A6 /* FMDatabasePool.h */ = {isa = PBXFileReference; fileEncoding = 4; lastKnownFileType = sourcecode.c.h; path = FMDatabasePool.h; sourceTree = "<group>"; };
		A0ACCD6C1AA3F74B000BD1A6 /* FMDatabasePool.m */ = {isa = PBXFileReference; fileEncoding = 4; lastKnownFileType = sourcecode.c.objc; path = FMDatabasePool.m; sourceTree = "<group>"; };
		A0ACCD6D1AA3F74B000BD1A6 /* FMDatabaseQueue.h */ = {isa = PBXFileReference; fileEncoding = 4; lastKnownFileType = sourcecode.c.h; path = FMDatabaseQueue.h; sourceTree = "<group>"; };
		A0ACCD6E1AA3F74B000BD1A6 /* FMDatabaseQueue.m */ = {isa = PBXFileReference; fileEncoding = 4; lastKnownFileType = sourcecode.c.objc; path = FMDatabaseQueue.m; sourceTree = "<group>"; };
		A0ACCD6F1AA3F74B000BD1A6 /* FMDB.h */ = {isa = PBXFileReference; fileEncoding = 4; lastKnownFileType = sourcecode.c.h; path = FMDB.h; sourceTree = "<group>"; };
		A0ACCD701AA3F74B000BD1A6 /* FMResultSet.h */ = {isa = PBXFileReference; fileEncoding = 4; lastKnownFileType = sourcecode.c.h; path = FMResultSet.h; sourceTree = "<group>"; };
		A0ACCD711AA3F74B000BD1A6 /* FMResultSet.m */ = {isa = PBXFileReference; fileEncoding = 4; lastKnownFileType = sourcecode.c.objc; path = FMResultSet.m; sourceTree = "<group>"; };
		A0ACCD771AA3F994000BD1A6 /* libsqlite3.dylib */ = {isa = PBXFileReference; lastKnownFileType = "compiled.mach-o.dylib"; name = libsqlite3.dylib; path = usr/lib/libsqlite3.dylib; sourceTree = SDKROOT; };
		A0AEF39C1A7CB5C1009F8B80 /* CXStatus.h */ = {isa = PBXFileReference; fileEncoding = 4; lastKnownFileType = sourcecode.c.h; path = CXStatus.h; sourceTree = "<group>"; };
		A0AEF39D1A7CB5C1009F8B80 /* CXStatus.m */ = {isa = PBXFileReference; fileEncoding = 4; lastKnownFileType = sourcecode.c.objc; path = CXStatus.m; sourceTree = "<group>"; };
		A0AEF39F1A7CB66A009F8B80 /* CXUser.h */ = {isa = PBXFileReference; fileEncoding = 4; lastKnownFileType = sourcecode.c.h; path = CXUser.h; sourceTree = "<group>"; };
		A0AEF3A01A7CB66A009F8B80 /* CXUser.m */ = {isa = PBXFileReference; fileEncoding = 4; lastKnownFileType = sourcecode.c.objc; path = CXUser.m; sourceTree = "<group>"; };
		A0C55F401A871CF0004657AC /* CXComposeToolbar.h */ = {isa = PBXFileReference; fileEncoding = 4; lastKnownFileType = sourcecode.c.h; path = CXComposeToolbar.h; sourceTree = "<group>"; };
		A0C55F411A871CF0004657AC /* CXComposeToolbar.m */ = {isa = PBXFileReference; fileEncoding = 4; lastKnownFileType = sourcecode.c.objc; path = CXComposeToolbar.m; sourceTree = "<group>"; };
		A0FD3D681A87B98300960BBD /* CXComposePhotosView.h */ = {isa = PBXFileReference; fileEncoding = 4; lastKnownFileType = sourcecode.c.h; path = CXComposePhotosView.h; sourceTree = "<group>"; };
		A0FD3D691A87B98300960BBD /* CXComposePhotosView.m */ = {isa = PBXFileReference; fileEncoding = 4; lastKnownFileType = sourcecode.c.objc; path = CXComposePhotosView.m; sourceTree = "<group>"; };
		A0FD3D6D1A87C17400960BBD /* AFHTTPRequestOperation.h */ = {isa = PBXFileReference; fileEncoding = 4; lastKnownFileType = sourcecode.c.h; path = AFHTTPRequestOperation.h; sourceTree = "<group>"; };
		A0FD3D6E1A87C17400960BBD /* AFHTTPRequestOperation.m */ = {isa = PBXFileReference; fileEncoding = 4; lastKnownFileType = sourcecode.c.objc; path = AFHTTPRequestOperation.m; sourceTree = "<group>"; };
		A0FD3D6F1A87C17400960BBD /* AFHTTPRequestOperationManager.h */ = {isa = PBXFileReference; fileEncoding = 4; lastKnownFileType = sourcecode.c.h; path = AFHTTPRequestOperationManager.h; sourceTree = "<group>"; };
		A0FD3D701A87C17400960BBD /* AFHTTPRequestOperationManager.m */ = {isa = PBXFileReference; fileEncoding = 4; lastKnownFileType = sourcecode.c.objc; path = AFHTTPRequestOperationManager.m; sourceTree = "<group>"; };
		A0FD3D711A87C17400960BBD /* AFHTTPSessionManager.h */ = {isa = PBXFileReference; fileEncoding = 4; lastKnownFileType = sourcecode.c.h; path = AFHTTPSessionManager.h; sourceTree = "<group>"; };
		A0FD3D721A87C17400960BBD /* AFHTTPSessionManager.m */ = {isa = PBXFileReference; fileEncoding = 4; lastKnownFileType = sourcecode.c.objc; path = AFHTTPSessionManager.m; sourceTree = "<group>"; };
		A0FD3D731A87C17400960BBD /* AFNetworking.h */ = {isa = PBXFileReference; fileEncoding = 4; lastKnownFileType = sourcecode.c.h; path = AFNetworking.h; sourceTree = "<group>"; };
		A0FD3D741A87C17400960BBD /* AFNetworkReachabilityManager.h */ = {isa = PBXFileReference; fileEncoding = 4; lastKnownFileType = sourcecode.c.h; path = AFNetworkReachabilityManager.h; sourceTree = "<group>"; };
		A0FD3D751A87C17400960BBD /* AFNetworkReachabilityManager.m */ = {isa = PBXFileReference; fileEncoding = 4; lastKnownFileType = sourcecode.c.objc; path = AFNetworkReachabilityManager.m; sourceTree = "<group>"; };
		A0FD3D761A87C17400960BBD /* AFSecurityPolicy.h */ = {isa = PBXFileReference; fileEncoding = 4; lastKnownFileType = sourcecode.c.h; path = AFSecurityPolicy.h; sourceTree = "<group>"; };
		A0FD3D771A87C17400960BBD /* AFSecurityPolicy.m */ = {isa = PBXFileReference; fileEncoding = 4; lastKnownFileType = sourcecode.c.objc; path = AFSecurityPolicy.m; sourceTree = "<group>"; };
		A0FD3D781A87C17400960BBD /* AFURLConnectionOperation.h */ = {isa = PBXFileReference; fileEncoding = 4; lastKnownFileType = sourcecode.c.h; path = AFURLConnectionOperation.h; sourceTree = "<group>"; };
		A0FD3D791A87C17400960BBD /* AFURLConnectionOperation.m */ = {isa = PBXFileReference; fileEncoding = 4; lastKnownFileType = sourcecode.c.objc; path = AFURLConnectionOperation.m; sourceTree = "<group>"; };
		A0FD3D7A1A87C17400960BBD /* AFURLRequestSerialization.h */ = {isa = PBXFileReference; fileEncoding = 4; lastKnownFileType = sourcecode.c.h; path = AFURLRequestSerialization.h; sourceTree = "<group>"; };
		A0FD3D7B1A87C17400960BBD /* AFURLRequestSerialization.m */ = {isa = PBXFileReference; fileEncoding = 4; lastKnownFileType = sourcecode.c.objc; path = AFURLRequestSerialization.m; sourceTree = "<group>"; };
		A0FD3D7C1A87C17400960BBD /* AFURLResponseSerialization.h */ = {isa = PBXFileReference; fileEncoding = 4; lastKnownFileType = sourcecode.c.h; path = AFURLResponseSerialization.h; sourceTree = "<group>"; };
		A0FD3D7D1A87C17400960BBD /* AFURLResponseSerialization.m */ = {isa = PBXFileReference; fileEncoding = 4; lastKnownFileType = sourcecode.c.objc; path = AFURLResponseSerialization.m; sourceTree = "<group>"; };
		A0FD3D7E1A87C17400960BBD /* AFURLSessionManager.h */ = {isa = PBXFileReference; fileEncoding = 4; lastKnownFileType = sourcecode.c.h; path = AFURLSessionManager.h; sourceTree = "<group>"; };
		A0FD3D7F1A87C17400960BBD /* AFURLSessionManager.m */ = {isa = PBXFileReference; fileEncoding = 4; lastKnownFileType = sourcecode.c.objc; path = AFURLSessionManager.m; sourceTree = "<group>"; };
		A0FD3D811A87C17400960BBD /* MBProgressHUD+MJ.h */ = {isa = PBXFileReference; fileEncoding = 4; lastKnownFileType = sourcecode.c.h; path = "MBProgressHUD+MJ.h"; sourceTree = "<group>"; };
		A0FD3D821A87C17400960BBD /* MBProgressHUD+MJ.m */ = {isa = PBXFileReference; fileEncoding = 4; lastKnownFileType = sourcecode.c.objc; path = "MBProgressHUD+MJ.m"; sourceTree = "<group>"; };
		A0FD3D831A87C17400960BBD /* MBProgressHUD.bundle */ = {isa = PBXFileReference; lastKnownFileType = "wrapper.plug-in"; path = MBProgressHUD.bundle; sourceTree = "<group>"; };
		A0FD3D841A87C17400960BBD /* MBProgressHUD.h */ = {isa = PBXFileReference; fileEncoding = 4; lastKnownFileType = sourcecode.c.h; path = MBProgressHUD.h; sourceTree = "<group>"; };
		A0FD3D851A87C17400960BBD /* MBProgressHUD.m */ = {isa = PBXFileReference; fileEncoding = 4; lastKnownFileType = sourcecode.c.objc; path = MBProgressHUD.m; sourceTree = "<group>"; };
		A0FD3D871A87C17400960BBD /* MJArgument.h */ = {isa = PBXFileReference; fileEncoding = 4; lastKnownFileType = sourcecode.c.h; path = MJArgument.h; sourceTree = "<group>"; };
		A0FD3D881A87C17400960BBD /* MJArgument.m */ = {isa = PBXFileReference; fileEncoding = 4; lastKnownFileType = sourcecode.c.objc; path = MJArgument.m; sourceTree = "<group>"; };
		A0FD3D891A87C17400960BBD /* MJExtension.h */ = {isa = PBXFileReference; fileEncoding = 4; lastKnownFileType = sourcecode.c.h; path = MJExtension.h; sourceTree = "<group>"; };
		A0FD3D8A1A87C17400960BBD /* MJIvar.h */ = {isa = PBXFileReference; fileEncoding = 4; lastKnownFileType = sourcecode.c.h; path = MJIvar.h; sourceTree = "<group>"; };
		A0FD3D8B1A87C17400960BBD /* MJIvar.m */ = {isa = PBXFileReference; fileEncoding = 4; lastKnownFileType = sourcecode.c.objc; path = MJIvar.m; sourceTree = "<group>"; };
		A0FD3D8C1A87C17400960BBD /* MJMember.h */ = {isa = PBXFileReference; fileEncoding = 4; lastKnownFileType = sourcecode.c.h; path = MJMember.h; sourceTree = "<group>"; };
		A0FD3D8D1A87C17400960BBD /* MJMember.m */ = {isa = PBXFileReference; fileEncoding = 4; lastKnownFileType = sourcecode.c.objc; path = MJMember.m; sourceTree = "<group>"; };
		A0FD3D8E1A87C17400960BBD /* MJMethod.h */ = {isa = PBXFileReference; fileEncoding = 4; lastKnownFileType = sourcecode.c.h; path = MJMethod.h; sourceTree = "<group>"; };
		A0FD3D8F1A87C17400960BBD /* MJMethod.m */ = {isa = PBXFileReference; fileEncoding = 4; lastKnownFileType = sourcecode.c.objc; path = MJMethod.m; sourceTree = "<group>"; };
		A0FD3D901A87C17400960BBD /* MJType.h */ = {isa = PBXFileReference; fileEncoding = 4; lastKnownFileType = sourcecode.c.h; path = MJType.h; sourceTree = "<group>"; };
		A0FD3D911A87C17400960BBD /* MJType.m */ = {isa = PBXFileReference; fileEncoding = 4; lastKnownFileType = sourcecode.c.objc; path = MJType.m; sourceTree = "<group>"; };
		A0FD3D921A87C17400960BBD /* MJTypeEncoding.h */ = {isa = PBXFileReference; fileEncoding = 4; lastKnownFileType = sourcecode.c.h; path = MJTypeEncoding.h; sourceTree = "<group>"; };
		A0FD3D931A87C17400960BBD /* MJTypeEncoding.m */ = {isa = PBXFileReference; fileEncoding = 4; lastKnownFileType = sourcecode.c.objc; path = MJTypeEncoding.m; sourceTree = "<group>"; };
		A0FD3D941A87C17400960BBD /* NSObject+MJCoding.h */ = {isa = PBXFileReference; fileEncoding = 4; lastKnownFileType = sourcecode.c.h; path = "NSObject+MJCoding.h"; sourceTree = "<group>"; };
		A0FD3D951A87C17400960BBD /* NSObject+MJCoding.m */ = {isa = PBXFileReference; fileEncoding = 4; lastKnownFileType = sourcecode.c.objc; path = "NSObject+MJCoding.m"; sourceTree = "<group>"; };
		A0FD3D961A87C17400960BBD /* NSObject+MJKeyValue.h */ = {isa = PBXFileReference; fileEncoding = 4; lastKnownFileType = sourcecode.c.h; path = "NSObject+MJKeyValue.h"; sourceTree = "<group>"; };
		A0FD3D971A87C17400960BBD /* NSObject+MJKeyValue.m */ = {isa = PBXFileReference; fileEncoding = 4; lastKnownFileType = sourcecode.c.objc; path = "NSObject+MJKeyValue.m"; sourceTree = "<group>"; };
		A0FD3D981A87C17400960BBD /* NSObject+MJMember.h */ = {isa = PBXFileReference; fileEncoding = 4; lastKnownFileType = sourcecode.c.h; path = "NSObject+MJMember.h"; sourceTree = "<group>"; };
		A0FD3D991A87C17400960BBD /* NSObject+MJMember.m */ = {isa = PBXFileReference; fileEncoding = 4; lastKnownFileType = sourcecode.c.objc; path = "NSObject+MJMember.m"; sourceTree = "<group>"; };
		A0FD3D9B1A87C17400960BBD /* MJPhoto.h */ = {isa = PBXFileReference; fileEncoding = 4; lastKnownFileType = sourcecode.c.h; path = MJPhoto.h; sourceTree = "<group>"; };
		A0FD3D9C1A87C17400960BBD /* MJPhoto.m */ = {isa = PBXFileReference; fileEncoding = 4; lastKnownFileType = sourcecode.c.objc; path = MJPhoto.m; sourceTree = "<group>"; };
		A0FD3D9D1A87C17400960BBD /* MJPhotoBrowser.bundle */ = {isa = PBXFileReference; lastKnownFileType = "wrapper.plug-in"; path = MJPhotoBrowser.bundle; sourceTree = "<group>"; };
		A0FD3D9E1A87C17400960BBD /* MJPhotoBrowser.h */ = {isa = PBXFileReference; fileEncoding = 4; lastKnownFileType = sourcecode.c.h; path = MJPhotoBrowser.h; sourceTree = "<group>"; };
		A0FD3D9F1A87C17400960BBD /* MJPhotoBrowser.m */ = {isa = PBXFileReference; fileEncoding = 4; lastKnownFileType = sourcecode.c.objc; path = MJPhotoBrowser.m; sourceTree = "<group>"; };
		A0FD3DA01A87C17400960BBD /* MJPhotoLoadingView.h */ = {isa = PBXFileReference; fileEncoding = 4; lastKnownFileType = sourcecode.c.h; path = MJPhotoLoadingView.h; sourceTree = "<group>"; };
		A0FD3DA11A87C17400960BBD /* MJPhotoLoadingView.m */ = {isa = PBXFileReference; fileEncoding = 4; lastKnownFileType = sourcecode.c.objc; path = MJPhotoLoadingView.m; sourceTree = "<group>"; };
		A0FD3DA21A87C17400960BBD /* MJPhotoProgressView.h */ = {isa = PBXFileReference; fileEncoding = 4; lastKnownFileType = sourcecode.c.h; path = MJPhotoProgressView.h; sourceTree = "<group>"; };
		A0FD3DA31A87C17400960BBD /* MJPhotoProgressView.m */ = {isa = PBXFileReference; fileEncoding = 4; lastKnownFileType = sourcecode.c.objc; path = MJPhotoProgressView.m; sourceTree = "<group>"; };
		A0FD3DA41A87C17400960BBD /* MJPhotoToolbar.h */ = {isa = PBXFileReference; fileEncoding = 4; lastKnownFileType = sourcecode.c.h; path = MJPhotoToolbar.h; sourceTree = "<group>"; };
		A0FD3DA51A87C17400960BBD /* MJPhotoToolbar.m */ = {isa = PBXFileReference; fileEncoding = 4; lastKnownFileType = sourcecode.c.objc; path = MJPhotoToolbar.m; sourceTree = "<group>"; };
		A0FD3DA61A87C17400960BBD /* MJPhotoView.h */ = {isa = PBXFileReference; fileEncoding = 4; lastKnownFileType = sourcecode.c.h; path = MJPhotoView.h; sourceTree = "<group>"; };
		A0FD3DA71A87C17400960BBD /* MJPhotoView.m */ = {isa = PBXFileReference; fileEncoding = 4; lastKnownFileType = sourcecode.c.objc; path = MJPhotoView.m; sourceTree = "<group>"; };
		A0FD3DA81A87C17400960BBD /* SDWebImageManager+MJ.h */ = {isa = PBXFileReference; fileEncoding = 4; lastKnownFileType = sourcecode.c.h; path = "SDWebImageManager+MJ.h"; sourceTree = "<group>"; };
		A0FD3DA91A87C17400960BBD /* SDWebImageManager+MJ.m */ = {isa = PBXFileReference; fileEncoding = 4; lastKnownFileType = sourcecode.c.objc; path = "SDWebImageManager+MJ.m"; sourceTree = "<group>"; };
		A0FD3DAB1A87C17400960BBD /* MJRefresh.bundle */ = {isa = PBXFileReference; lastKnownFileType = "wrapper.plug-in"; path = MJRefresh.bundle; sourceTree = "<group>"; };
		A0FD3DAC1A87C17400960BBD /* MJRefresh.h */ = {isa = PBXFileReference; fileEncoding = 4; lastKnownFileType = sourcecode.c.h; path = MJRefresh.h; sourceTree = "<group>"; };
		A0FD3DAD1A87C17400960BBD /* MJRefreshBaseView.h */ = {isa = PBXFileReference; fileEncoding = 4; lastKnownFileType = sourcecode.c.h; path = MJRefreshBaseView.h; sourceTree = "<group>"; };
		A0FD3DAE1A87C17400960BBD /* MJRefreshBaseView.m */ = {isa = PBXFileReference; fileEncoding = 4; lastKnownFileType = sourcecode.c.objc; path = MJRefreshBaseView.m; sourceTree = "<group>"; };
		A0FD3DAF1A87C17400960BBD /* MJRefreshConst.h */ = {isa = PBXFileReference; fileEncoding = 4; lastKnownFileType = sourcecode.c.h; path = MJRefreshConst.h; sourceTree = "<group>"; };
		A0FD3DB01A87C17400960BBD /* MJRefreshConst.m */ = {isa = PBXFileReference; fileEncoding = 4; lastKnownFileType = sourcecode.c.objc; path = MJRefreshConst.m; sourceTree = "<group>"; };
		A0FD3DB11A87C17400960BBD /* MJRefreshFooterView.h */ = {isa = PBXFileReference; fileEncoding = 4; lastKnownFileType = sourcecode.c.h; path = MJRefreshFooterView.h; sourceTree = "<group>"; };
		A0FD3DB21A87C17400960BBD /* MJRefreshFooterView.m */ = {isa = PBXFileReference; fileEncoding = 4; lastKnownFileType = sourcecode.c.objc; path = MJRefreshFooterView.m; sourceTree = "<group>"; };
		A0FD3DB31A87C17400960BBD /* MJRefreshHeaderView.h */ = {isa = PBXFileReference; fileEncoding = 4; lastKnownFileType = sourcecode.c.h; path = MJRefreshHeaderView.h; sourceTree = "<group>"; };
		A0FD3DB41A87C17400960BBD /* MJRefreshHeaderView.m */ = {isa = PBXFileReference; fileEncoding = 4; lastKnownFileType = sourcecode.c.objc; path = MJRefreshHeaderView.m; sourceTree = "<group>"; };
		A0FD3DB61A87C17400960BBD /* MKAnnotationView+WebCache.h */ = {isa = PBXFileReference; fileEncoding = 4; lastKnownFileType = sourcecode.c.h; path = "MKAnnotationView+WebCache.h"; sourceTree = "<group>"; };
		A0FD3DB71A87C17400960BBD /* MKAnnotationView+WebCache.m */ = {isa = PBXFileReference; fileEncoding = 4; lastKnownFileType = sourcecode.c.objc; path = "MKAnnotationView+WebCache.m"; sourceTree = "<group>"; };
		A0FD3DB81A87C17400960BBD /* NSData+ImageContentType.h */ = {isa = PBXFileReference; fileEncoding = 4; lastKnownFileType = sourcecode.c.h; path = "NSData+ImageContentType.h"; sourceTree = "<group>"; };
		A0FD3DB91A87C17400960BBD /* NSData+ImageContentType.m */ = {isa = PBXFileReference; fileEncoding = 4; lastKnownFileType = sourcecode.c.objc; path = "NSData+ImageContentType.m"; sourceTree = "<group>"; };
		A0FD3DBA1A87C17400960BBD /* SDImageCache.h */ = {isa = PBXFileReference; fileEncoding = 4; lastKnownFileType = sourcecode.c.h; path = SDImageCache.h; sourceTree = "<group>"; };
		A0FD3DBB1A87C17400960BBD /* SDImageCache.m */ = {isa = PBXFileReference; fileEncoding = 4; lastKnownFileType = sourcecode.c.objc; path = SDImageCache.m; sourceTree = "<group>"; };
		A0FD3DBC1A87C17400960BBD /* SDWebImageCompat.h */ = {isa = PBXFileReference; fileEncoding = 4; lastKnownFileType = sourcecode.c.h; path = SDWebImageCompat.h; sourceTree = "<group>"; };
		A0FD3DBD1A87C17400960BBD /* SDWebImageCompat.m */ = {isa = PBXFileReference; fileEncoding = 4; lastKnownFileType = sourcecode.c.objc; path = SDWebImageCompat.m; sourceTree = "<group>"; };
		A0FD3DBE1A87C17400960BBD /* SDWebImageDecoder.h */ = {isa = PBXFileReference; fileEncoding = 4; lastKnownFileType = sourcecode.c.h; path = SDWebImageDecoder.h; sourceTree = "<group>"; };
		A0FD3DBF1A87C17400960BBD /* SDWebImageDecoder.m */ = {isa = PBXFileReference; fileEncoding = 4; lastKnownFileType = sourcecode.c.objc; path = SDWebImageDecoder.m; sourceTree = "<group>"; };
		A0FD3DC01A87C17400960BBD /* SDWebImageDownloader.h */ = {isa = PBXFileReference; fileEncoding = 4; lastKnownFileType = sourcecode.c.h; path = SDWebImageDownloader.h; sourceTree = "<group>"; };
		A0FD3DC11A87C17400960BBD /* SDWebImageDownloader.m */ = {isa = PBXFileReference; fileEncoding = 4; lastKnownFileType = sourcecode.c.objc; path = SDWebImageDownloader.m; sourceTree = "<group>"; };
		A0FD3DC21A87C17400960BBD /* SDWebImageDownloaderOperation.h */ = {isa = PBXFileReference; fileEncoding = 4; lastKnownFileType = sourcecode.c.h; path = SDWebImageDownloaderOperation.h; sourceTree = "<group>"; };
		A0FD3DC31A87C17400960BBD /* SDWebImageDownloaderOperation.m */ = {isa = PBXFileReference; fileEncoding = 4; lastKnownFileType = sourcecode.c.objc; path = SDWebImageDownloaderOperation.m; sourceTree = "<group>"; };
		A0FD3DC41A87C17400960BBD /* SDWebImageManager.h */ = {isa = PBXFileReference; fileEncoding = 4; lastKnownFileType = sourcecode.c.h; path = SDWebImageManager.h; sourceTree = "<group>"; };
		A0FD3DC51A87C17400960BBD /* SDWebImageManager.m */ = {isa = PBXFileReference; fileEncoding = 4; lastKnownFileType = sourcecode.c.objc; path = SDWebImageManager.m; sourceTree = "<group>"; };
		A0FD3DC61A87C17400960BBD /* SDWebImageOperation.h */ = {isa = PBXFileReference; fileEncoding = 4; lastKnownFileType = sourcecode.c.h; path = SDWebImageOperation.h; sourceTree = "<group>"; };
		A0FD3DC71A87C17400960BBD /* SDWebImagePrefetcher.h */ = {isa = PBXFileReference; fileEncoding = 4; lastKnownFileType = sourcecode.c.h; path = SDWebImagePrefetcher.h; sourceTree = "<group>"; };
		A0FD3DC81A87C17400960BBD /* SDWebImagePrefetcher.m */ = {isa = PBXFileReference; fileEncoding = 4; lastKnownFileType = sourcecode.c.objc; path = SDWebImagePrefetcher.m; sourceTree = "<group>"; };
		A0FD3DC91A87C17400960BBD /* UIButton+WebCache.h */ = {isa = PBXFileReference; fileEncoding = 4; lastKnownFileType = sourcecode.c.h; path = "UIButton+WebCache.h"; sourceTree = "<group>"; };
		A0FD3DCA1A87C17400960BBD /* UIButton+WebCache.m */ = {isa = PBXFileReference; fileEncoding = 4; lastKnownFileType = sourcecode.c.objc; path = "UIButton+WebCache.m"; sourceTree = "<group>"; };
		A0FD3DCB1A87C17400960BBD /* UIImage+GIF.h */ = {isa = PBXFileReference; fileEncoding = 4; lastKnownFileType = sourcecode.c.h; path = "UIImage+GIF.h"; sourceTree = "<group>"; };
		A0FD3DCC1A87C17400960BBD /* UIImage+GIF.m */ = {isa = PBXFileReference; fileEncoding = 4; lastKnownFileType = sourcecode.c.objc; path = "UIImage+GIF.m"; sourceTree = "<group>"; };
		A0FD3DCD1A87C17400960BBD /* UIImage+MultiFormat.h */ = {isa = PBXFileReference; fileEncoding = 4; lastKnownFileType = sourcecode.c.h; path = "UIImage+MultiFormat.h"; sourceTree = "<group>"; };
		A0FD3DCE1A87C17400960BBD /* UIImage+MultiFormat.m */ = {isa = PBXFileReference; fileEncoding = 4; lastKnownFileType = sourcecode.c.objc; path = "UIImage+MultiFormat.m"; sourceTree = "<group>"; };
		A0FD3DCF1A87C17400960BBD /* UIImage+WebP.h */ = {isa = PBXFileReference; fileEncoding = 4; lastKnownFileType = sourcecode.c.h; path = "UIImage+WebP.h"; sourceTree = "<group>"; };
		A0FD3DD01A87C17400960BBD /* UIImage+WebP.m */ = {isa = PBXFileReference; fileEncoding = 4; lastKnownFileType = sourcecode.c.objc; path = "UIImage+WebP.m"; sourceTree = "<group>"; };
		A0FD3DD11A87C17400960BBD /* UIImageView+HighlightedWebCache.h */ = {isa = PBXFileReference; fileEncoding = 4; lastKnownFileType = sourcecode.c.h; path = "UIImageView+HighlightedWebCache.h"; sourceTree = "<group>"; };
		A0FD3DD21A87C17400960BBD /* UIImageView+HighlightedWebCache.m */ = {isa = PBXFileReference; fileEncoding = 4; lastKnownFileType = sourcecode.c.objc; path = "UIImageView+HighlightedWebCache.m"; sourceTree = "<group>"; };
		A0FD3DD31A87C17400960BBD /* UIImageView+WebCache.h */ = {isa = PBXFileReference; fileEncoding = 4; lastKnownFileType = sourcecode.c.h; path = "UIImageView+WebCache.h"; sourceTree = "<group>"; };
		A0FD3DD41A87C17400960BBD /* UIImageView+WebCache.m */ = {isa = PBXFileReference; fileEncoding = 4; lastKnownFileType = sourcecode.c.objc; path = "UIImageView+WebCache.m"; sourceTree = "<group>"; };
		A0FD3DD51A87C17400960BBD /* UIView+WebCacheOperation.h */ = {isa = PBXFileReference; fileEncoding = 4; lastKnownFileType = sourcecode.c.h; path = "UIView+WebCacheOperation.h"; sourceTree = "<group>"; };
		A0FD3DD61A87C17400960BBD /* UIView+WebCacheOperation.m */ = {isa = PBXFileReference; fileEncoding = 4; lastKnownFileType = sourcecode.c.objc; path = "UIView+WebCacheOperation.m"; sourceTree = "<group>"; };
		A0FD3DD81A87C17400960BBD /* CHTumblrMenuView.h */ = {isa = PBXFileReference; fileEncoding = 4; lastKnownFileType = sourcecode.c.h; path = CHTumblrMenuView.h; sourceTree = "<group>"; };
		A0FD3DD91A87C17400960BBD /* CHTumblrMenuView.m */ = {isa = PBXFileReference; fileEncoding = 4; lastKnownFileType = sourcecode.c.objc; path = CHTumblrMenuView.m; sourceTree = "<group>"; };
		A0FD3E0E1A87C1AB00960BBD /* NSDate+CX.h */ = {isa = PBXFileReference; fileEncoding = 4; lastKnownFileType = sourcecode.c.h; path = "NSDate+CX.h"; sourceTree = "<group>"; };
		A0FD3E0F1A87C1AB00960BBD /* NSDate+CX.m */ = {isa = PBXFileReference; fileEncoding = 4; lastKnownFileType = sourcecode.c.objc; path = "NSDate+CX.m"; sourceTree = "<group>"; };
		A0FD3E101A87C1AB00960BBD /* UIBarButtonItem+CX.h */ = {isa = PBXFileReference; fileEncoding = 4; lastKnownFileType = sourcecode.c.h; path = "UIBarButtonItem+CX.h"; sourceTree = "<group>"; };
		A0FD3E111A87C1AB00960BBD /* UIBarButtonItem+CX.m */ = {isa = PBXFileReference; fileEncoding = 4; lastKnownFileType = sourcecode.c.objc; path = "UIBarButtonItem+CX.m"; sourceTree = "<group>"; };
		A0FD3E121A87C1AB00960BBD /* UIImage+CX.h */ = {isa = PBXFileReference; fileEncoding = 4; lastKnownFileType = sourcecode.c.h; path = "UIImage+CX.h"; sourceTree = "<group>"; };
		A0FD3E131A87C1AB00960BBD /* UIImage+CX.m */ = {isa = PBXFileReference; fileEncoding = 4; lastKnownFileType = sourcecode.c.objc; path = "UIImage+CX.m"; sourceTree = "<group>"; };
		A0FD3E181A87C22000960BBD /* CXHttpTool.h */ = {isa = PBXFileReference; fileEncoding = 4; lastKnownFileType = sourcecode.c.h; path = CXHttpTool.h; sourceTree = "<group>"; };
		A0FD3E191A87C22000960BBD /* CXHttpTool.m */ = {isa = PBXFileReference; fileEncoding = 4; lastKnownFileType = sourcecode.c.objc; path = CXHttpTool.m; sourceTree = "<group>"; };
/* End PBXFileReference section */

/* Begin PBXFrameworksBuildPhase section */
		A00EBF391A77D40700565257 /* Frameworks */ = {
			isa = PBXFrameworksBuildPhase;
			buildActionMask = 2147483647;
			files = (
				A0ACCD781AA3F994000BD1A6 /* libsqlite3.dylib in Frameworks */,
			);
			runOnlyForDeploymentPostprocessing = 0;
		};
		A00EBF521A77D40700565257 /* Frameworks */ = {
			isa = PBXFrameworksBuildPhase;
			buildActionMask = 2147483647;
			files = (
			);
			runOnlyForDeploymentPostprocessing = 0;
		};
/* End PBXFrameworksBuildPhase section */

/* Begin PBXGroup section */
		A00EBF331A77D40700565257 = {
			isa = PBXGroup;
			children = (
				A0ACCD771AA3F994000BD1A6 /* libsqlite3.dylib */,
				A00EBF3E1A77D40700565257 /* CXWeibo */,
				A00EBF581A77D40700565257 /* CXWeiboTests */,
				A00EBF3D1A77D40700565257 /* Products */,
			);
			sourceTree = "<group>";
		};
		A00EBF3D1A77D40700565257 /* Products */ = {
			isa = PBXGroup;
			children = (
				A00EBF3C1A77D40700565257 /* CXWeibo.app */,
				A00EBF551A77D40700565257 /* CXWeiboTests.xctest */,
			);
			name = Products;
			sourceTree = "<group>";
		};
		A00EBF3E1A77D40700565257 /* CXWeibo */ = {
			isa = PBXGroup;
			children = (
				A00EBF651A77DC7100565257 /* Classes */,
				A00EBF3F1A77D40700565257 /* Supporting Files */,
			);
			path = CXWeibo;
			sourceTree = "<group>";
		};
		A00EBF3F1A77D40700565257 /* Supporting Files */ = {
			isa = PBXGroup;
			children = (
				A00EBF4C1A77D40700565257 /* Images.xcassets */,
				A00EBF401A77D40700565257 /* Info.plist */,
			);
			name = "Supporting Files";
			sourceTree = "<group>";
		};
		A00EBF581A77D40700565257 /* CXWeiboTests */ = {
			isa = PBXGroup;
			children = (
				A00EBF5B1A77D40700565257 /* CXWeiboTests.m */,
				A00EBF591A77D40700565257 /* Supporting Files */,
			);
			path = CXWeiboTests;
			sourceTree = "<group>";
		};
		A00EBF591A77D40700565257 /* Supporting Files */ = {
			isa = PBXGroup;
			children = (
				A00EBF5A1A77D40700565257 /* Info.plist */,
			);
			name = "Supporting Files";
			sourceTree = "<group>";
		};
		A00EBF651A77DC7100565257 /* Classes */ = {
			isa = PBXGroup;
			children = (
				A01D735D1A867A1600E92602 /* Compose(发微博) */,
				A0A110C61A7B474700B7D938 /* OAuth(授权) */,
				A0A110BF1A79E2FE00B7D938 /* NewFeature(新特性) */,
				A00EBF661A77DC7100565257 /* Discover(发现) */,
				A00EBF6A1A77DC7100565257 /* Home(首页) */,
				A00EBF6E1A77DC7100565257 /* Main(主要) */,
				A00EBF721A77DC7100565257 /* Message(消息) */,
				A00EBF761A77DC7100565257 /* Mine(我) */,
				A00EBF7A1A77DC7100565257 /* Other(其他) */,
			);
			path = Classes;
			sourceTree = "<group>";
		};
		A00EBF661A77DC7100565257 /* Discover(发现) */ = {
			isa = PBXGroup;
			children = (
				A00EBF671A77DC7100565257 /* Controller */,
				A00EBF681A77DC7100565257 /* Model */,
				A00EBF691A77DC7100565257 /* View */,
			);
			path = "Discover(发现)";
			sourceTree = "<group>";
		};
		A00EBF671A77DC7100565257 /* Controller */ = {
			isa = PBXGroup;
			children = (
				A00EBF891A77E18000565257 /* CXDiscoverViewController.h */,
				A00EBF8A1A77E18000565257 /* CXDiscoverViewController.m */,
			);
			path = Controller;
			sourceTree = "<group>";
		};
		A00EBF681A77DC7100565257 /* Model */ = {
			isa = PBXGroup;
			children = (
			);
			path = Model;
			sourceTree = "<group>";
		};
		A00EBF691A77DC7100565257 /* View */ = {
			isa = PBXGroup;
			children = (
				A09A48ED1A794BC300A9B25E /* CXSearchBar.h */,
				A09A48EE1A794BC300A9B25E /* CXSearchBar.m */,
			);
			path = View;
			sourceTree = "<group>";
		};
		A00EBF6A1A77DC7100565257 /* Home(首页) */ = {
			isa = PBXGroup;
			children = (
				A0ACCD591AA3F437000BD1A6 /* Tool */,
				A00EBF6B1A77DC7100565257 /* Controller */,
				A00EBF6C1A77DC7100565257 /* Model */,
				A00EBF6D1A77DC7100565257 /* View */,
			);
			path = "Home(首页)";
			sourceTree = "<group>";
		};
		A00EBF6B1A77DC7100565257 /* Controller */ = {
			isa = PBXGroup;
			children = (
				A00EBF831A77E0DE00565257 /* CXHomeViewController.h */,
				A00EBF841A77E0DE00565257 /* CXHomeViewController.m */,
			);
			path = Controller;
			sourceTree = "<group>";
		};
		A00EBF6C1A77DC7100565257 /* Model */ = {
			isa = PBXGroup;
			children = (
				A0ACCD5D1AA3F570000BD1A6 /* HomeStatuesParam */,
				A0ACCD5E1AA3F570000BD1A6 /* UserInfo */,
				A0AEF39C1A7CB5C1009F8B80 /* CXStatus.h */,
				A0AEF39D1A7CB5C1009F8B80 /* CXStatus.m */,
				A0AEF39F1A7CB66A009F8B80 /* CXUser.h */,
				A0AEF3A01A7CB66A009F8B80 /* CXUser.m */,
				A05DC3251A7E56EC00A565FF /* CXStatusFrame.h */,
				A05DC3261A7E56EC00A565FF /* CXStatusFrame.m */,
				A0891C731A83ABFE0041E04D /* CXPhoto.h */,
				A0891C741A83ABFE0041E04D /* CXPhoto.m */,
			);
			path = Model;
			sourceTree = "<group>";
		};
		A00EBF6D1A77DC7100565257 /* View */ = {
			isa = PBXGroup;
			children = (
				A0A111021A7B67B800B7D938 /* CXTitleButton.h */,
				A0A111031A7B67B800B7D938 /* CXTitleButton.m */,
				A05DC3221A7E05B200A565FF /* CXStatusCell.h */,
				A05DC3231A7E05B200A565FF /* CXStatusCell.m */,
				A0109DBF1A825B6400504A09 /* CXStatusTopView.h */,
				A0109DC01A825B6400504A09 /* CXStatusTopView.m */,
				A0109DC21A8260F600504A09 /* CXReweetStatusView.h */,
				A0109DC31A8260F600504A09 /* CXReweetStatusView.m */,
				A0109DC51A82645100504A09 /* CXStatusToolbar.h */,
				A0109DC61A82645100504A09 /* CXStatusToolbar.m */,
				A0891C7C1A83B0E40041E04D /* CXPhotoView.h */,
				A0891C7D1A83B0E40041E04D /* CXPhotoView.m */,
				A0891C9D1A83C4320041E04D /* CXPhotosView.h */,
				A0891C9E1A83C4320041E04D /* CXPhotosView.m */,
			);
			path = View;
			sourceTree = "<group>";
		};
		A00EBF6E1A77DC7100565257 /* Main(主要) */ = {
			isa = PBXGroup;
			children = (
				A00EBF9E1A77F80900565257 /* View */,
				A00EBF6F1A77DC7100565257 /* Controller */,
				A00EBF701A77DC7100565257 /* Model */,
			);
			path = "Main(主要)";
			sourceTree = "<group>";
		};
		A00EBF6F1A77DC7100565257 /* Controller */ = {
			isa = PBXGroup;
			children = (
				A00EBF801A77DCC500565257 /* CXTabBarController.h */,
				A00EBF811A77DCC500565257 /* CXTabBarController.m */,
				A09A48E71A793A8000A9B25E /* CXNavigationController.h */,
				A09A48E81A793A8000A9B25E /* CXNavigationController.m */,
			);
			path = Controller;
			sourceTree = "<group>";
		};
		A00EBF701A77DC7100565257 /* Model */ = {
			isa = PBXGroup;
			children = (
			);
			path = Model;
			sourceTree = "<group>";
		};
		A00EBF721A77DC7100565257 /* Message(消息) */ = {
			isa = PBXGroup;
			children = (
				A00EBF731A77DC7100565257 /* Controller */,
				A00EBF741A77DC7100565257 /* Model */,
				A00EBF751A77DC7100565257 /* View */,
			);
			path = "Message(消息)";
			sourceTree = "<group>";
		};
		A00EBF731A77DC7100565257 /* Controller */ = {
			isa = PBXGroup;
			children = (
				A00EBF861A77E12B00565257 /* CXMessageViewController.h */,
				A00EBF871A77E12B00565257 /* CXMessageViewController.m */,
			);
			path = Controller;
			sourceTree = "<group>";
		};
		A00EBF741A77DC7100565257 /* Model */ = {
			isa = PBXGroup;
			children = (
			);
			path = Model;
			sourceTree = "<group>";
		};
		A00EBF751A77DC7100565257 /* View */ = {
			isa = PBXGroup;
			children = (
			);
			path = View;
			sourceTree = "<group>";
		};
		A00EBF761A77DC7100565257 /* Mine(我) */ = {
			isa = PBXGroup;
			children = (
				A00EBF771A77DC7100565257 /* Controller */,
				A00EBF781A77DC7100565257 /* Model */,
				A00EBF791A77DC7100565257 /* View */,
			);
			path = "Mine(我)";
			sourceTree = "<group>";
		};
		A00EBF771A77DC7100565257 /* Controller */ = {
			isa = PBXGroup;
			children = (
				A00EBF8C1A77E1F500565257 /* CXMineViewController.h */,
				A00EBF8D1A77E1F500565257 /* CXMineViewController.m */,
			);
			path = Controller;
			sourceTree = "<group>";
		};
		A00EBF781A77DC7100565257 /* Model */ = {
			isa = PBXGroup;
			children = (
			);
			path = Model;
			sourceTree = "<group>";
		};
		A00EBF791A77DC7100565257 /* View */ = {
			isa = PBXGroup;
			children = (
			);
			path = View;
			sourceTree = "<group>";
		};
		A00EBF7A1A77DC7100565257 /* Other(其他) */ = {
			isa = PBXGroup;
			children = (
				A0ACCD621AA3F5DE000BD1A6 /* Model */,
				A0FD3E171A87C1F700960BBD /* Tool */,
				A0FD3E0D1A87C1AB00960BBD /* Category */,
				A0FD3D6B1A87C17400960BBD /* lib */,
				A00EBF7B1A77DC7100565257 /* AppDelegate.h */,
				A00EBF7C1A77DC7100565257 /* AppDelegate.m */,
				A00EBF7D1A77DC7100565257 /* main.m */,
				A00EBF8F1A77EDDB00565257 /* PrefixHeader.pch */,
				A0A110F61A7B5EAF00B7D938 /* CXWeiboTool.h */,
				A0A110F71A7B5EAF00B7D938 /* CXWeiboTool.m */,
				A0AB607C1A8529E100179000 /* CXCommon.h */,
			);
			path = "Other(其他)";
			sourceTree = "<group>";
		};
		A00EBF9E1A77F80900565257 /* View */ = {
			isa = PBXGroup;
			children = (
				A00EBF9F1A77F81800565257 /* CXTabBar.h */,
				A00EBFA01A77F81800565257 /* CXTabBar.m */,
				A00EBFA21A77FA3700565257 /* CXTabBarButton.h */,
				A00EBFA31A77FA3700565257 /* CXTabBarButton.m */,
				A09A48E41A789E6000A9B25E /* CXBadgeButton.h */,
				A09A48E51A789E6000A9B25E /* CXBadgeButton.m */,
			);
			path = View;
			sourceTree = "<group>";
		};
		A01D735D1A867A1600E92602 /* Compose(发微博) */ = {
			isa = PBXGroup;
			children = (
				A01D73621A867EFF00E92602 /* View */,
				A01D735E1A867A1600E92602 /* Controller */,
			);
			path = "Compose(发微博)";
			sourceTree = "<group>";
		};
		A01D735E1A867A1600E92602 /* Controller */ = {
			isa = PBXGroup;
			children = (
				A01D735F1A867A3B00E92602 /* CXComposeViewController.h */,
				A01D73601A867A3B00E92602 /* CXComposeViewController.m */,
			);
			path = Controller;
			sourceTree = "<group>";
		};
		A01D73621A867EFF00E92602 /* View */ = {
			isa = PBXGroup;
			children = (
				A01D73631A867F1800E92602 /* CXTextView.h */,
				A01D73641A867F1800E92602 /* CXTextView.m */,
				A0C55F401A871CF0004657AC /* CXComposeToolbar.h */,
				A0C55F411A871CF0004657AC /* CXComposeToolbar.m */,
				A0FD3D681A87B98300960BBD /* CXComposePhotosView.h */,
				A0FD3D691A87B98300960BBD /* CXComposePhotosView.m */,
			);
			path = View;
			sourceTree = "<group>";
		};
		A0A110BF1A79E2FE00B7D938 /* NewFeature(新特性) */ = {
			isa = PBXGroup;
			children = (
				A0A110C01A79E2FE00B7D938 /* Controller */,
				A0A110C11A79E2FE00B7D938 /* Model */,
				A0A110C21A79E2FE00B7D938 /* View */,
			);
			path = "NewFeature(新特性)";
			sourceTree = "<group>";
		};
		A0A110C01A79E2FE00B7D938 /* Controller */ = {
			isa = PBXGroup;
			children = (
				A0A110C31A79E39B00B7D938 /* CXNewfeatureViewController.h */,
				A0A110C41A79E39B00B7D938 /* CXNewfeatureViewController.m */,
			);
			path = Controller;
			sourceTree = "<group>";
		};
		A0A110C11A79E2FE00B7D938 /* Model */ = {
			isa = PBXGroup;
			children = (
			);
			path = Model;
			sourceTree = "<group>";
		};
		A0A110C21A79E2FE00B7D938 /* View */ = {
			isa = PBXGroup;
			children = (
			);
			path = View;
			sourceTree = "<group>";
		};
		A0A110C61A7B474700B7D938 /* OAuth(授权) */ = {
			isa = PBXGroup;
			children = (
				A0A110F21A7B5A3700B7D938 /* Tool */,
				A0A110C71A7B474700B7D938 /* Controller */,
				A0A110C81A7B474700B7D938 /* Model */,
				A0A110C91A7B474700B7D938 /* View */,
			);
			path = "OAuth(授权)";
			sourceTree = "<group>";
		};
		A0A110C71A7B474700B7D938 /* Controller */ = {
			isa = PBXGroup;
			children = (
				A0A110CA1A7B477400B7D938 /* CXOAuthViewController.h */,
				A0A110CB1A7B477400B7D938 /* CXOAuthViewController.m */,
			);
			path = Controller;
			sourceTree = "<group>";
		};
		A0A110C81A7B474700B7D938 /* Model */ = {
			isa = PBXGroup;
			children = (
				A0A110EF1A7B543400B7D938 /* CXAccount.h */,
				A0A110F01A7B543400B7D938 /* CXAccount.m */,
			);
			path = Model;
			sourceTree = "<group>";
		};
		A0A110C91A7B474700B7D938 /* View */ = {
			isa = PBXGroup;
			children = (
			);
			path = View;
			sourceTree = "<group>";
		};
		A0A110F21A7B5A3700B7D938 /* Tool */ = {
			isa = PBXGroup;
			children = (
				A0A110F31A7B5A5200B7D938 /* CXAccountTool.h */,
				A0A110F41A7B5A5200B7D938 /* CXAccountTool.m */,
			);
			path = Tool;
			sourceTree = "<group>";
		};
		A0ACCD591AA3F437000BD1A6 /* Tool */ = {
			isa = PBXGroup;
			children = (
				A0ACCD5A1AA3F458000BD1A6 /* CXStatusCacheTool.h */,
				A0ACCD5B1AA3F458000BD1A6 /* CXStatusCacheTool.m */,
			);
			path = Tool;
			sourceTree = "<group>";
		};
		A0ACCD5D1AA3F570000BD1A6 /* HomeStatuesParam */ = {
			isa = PBXGroup;
			children = (
				A0ACCD5F1AA3F57C000BD1A6 /* CXHomeStatusesParam.h */,
				A0ACCD601AA3F57C000BD1A6 /* CXHomeStatusesParam.m */,
			);
			path = HomeStatuesParam;
			sourceTree = "<group>";
		};
		A0ACCD5E1AA3F570000BD1A6 /* UserInfo */ = {
			isa = PBXGroup;
			children = (
			);
			path = UserInfo;
			sourceTree = "<group>";
		};
		A0ACCD621AA3F5DE000BD1A6 /* Model */ = {
			isa = PBXGroup;
			children = (
				A0ACCD631AA3F5E8000BD1A6 /* CXBaseParam.h */,
				A0ACCD641AA3F5E8000BD1A6 /* CXBaseParam.m */,
			);
			path = Model;
			sourceTree = "<group>";
		};
		A0ACCD661AA3F74B000BD1A6 /* fmdb */ = {
			isa = PBXGroup;
			children = (
				A0ACCD671AA3F74B000BD1A6 /* FMDatabase.h */,
				A0ACCD681AA3F74B000BD1A6 /* FMDatabase.m */,
				A0ACCD691AA3F74B000BD1A6 /* FMDatabaseAdditions.h */,
				A0ACCD6A1AA3F74B000BD1A6 /* FMDatabaseAdditions.m */,
				A0ACCD6B1AA3F74B000BD1A6 /* FMDatabasePool.h */,
				A0ACCD6C1AA3F74B000BD1A6 /* FMDatabasePool.m */,
				A0ACCD6D1AA3F74B000BD1A6 /* FMDatabaseQueue.h */,
				A0ACCD6E1AA3F74B000BD1A6 /* FMDatabaseQueue.m */,
				A0ACCD6F1AA3F74B000BD1A6 /* FMDB.h */,
				A0ACCD701AA3F74B000BD1A6 /* FMResultSet.h */,
				A0ACCD711AA3F74B000BD1A6 /* FMResultSet.m */,
			);
			path = fmdb;
			sourceTree = "<group>";
		};
		A0FD3D6B1A87C17400960BBD /* lib */ = {
			isa = PBXGroup;
			children = (
				A0ACCD661AA3F74B000BD1A6 /* fmdb */,
				A0FD3D6C1A87C17400960BBD /* AFNetworking */,
				A0FD3D801A87C17400960BBD /* MBProgressHUD */,
				A0FD3D861A87C17400960BBD /* MJExtension */,
				A0FD3D9A1A87C17400960BBD /* MJPhotoBrowser */,
				A0FD3DAA1A87C17400960BBD /* MJRefresh */,
				A0FD3DB51A87C17400960BBD /* SDWebImage */,
				A0FD3DD71A87C17400960BBD /* TumblrMenu */,
			);
			path = lib;
			sourceTree = "<group>";
		};
		A0FD3D6C1A87C17400960BBD /* AFNetworking */ = {
			isa = PBXGroup;
			children = (
				A0FD3D6D1A87C17400960BBD /* AFHTTPRequestOperation.h */,
				A0FD3D6E1A87C17400960BBD /* AFHTTPRequestOperation.m */,
				A0FD3D6F1A87C17400960BBD /* AFHTTPRequestOperationManager.h */,
				A0FD3D701A87C17400960BBD /* AFHTTPRequestOperationManager.m */,
				A0FD3D711A87C17400960BBD /* AFHTTPSessionManager.h */,
				A0FD3D721A87C17400960BBD /* AFHTTPSessionManager.m */,
				A0FD3D731A87C17400960BBD /* AFNetworking.h */,
				A0FD3D741A87C17400960BBD /* AFNetworkReachabilityManager.h */,
				A0FD3D751A87C17400960BBD /* AFNetworkReachabilityManager.m */,
				A0FD3D761A87C17400960BBD /* AFSecurityPolicy.h */,
				A0FD3D771A87C17400960BBD /* AFSecurityPolicy.m */,
				A0FD3D781A87C17400960BBD /* AFURLConnectionOperation.h */,
				A0FD3D791A87C17400960BBD /* AFURLConnectionOperation.m */,
				A0FD3D7A1A87C17400960BBD /* AFURLRequestSerialization.h */,
				A0FD3D7B1A87C17400960BBD /* AFURLRequestSerialization.m */,
				A0FD3D7C1A87C17400960BBD /* AFURLResponseSerialization.h */,
				A0FD3D7D1A87C17400960BBD /* AFURLResponseSerialization.m */,
				A0FD3D7E1A87C17400960BBD /* AFURLSessionManager.h */,
				A0FD3D7F1A87C17400960BBD /* AFURLSessionManager.m */,
			);
			path = AFNetworking;
			sourceTree = "<group>";
		};
		A0FD3D801A87C17400960BBD /* MBProgressHUD */ = {
			isa = PBXGroup;
			children = (
				A0FD3D811A87C17400960BBD /* MBProgressHUD+MJ.h */,
				A0FD3D821A87C17400960BBD /* MBProgressHUD+MJ.m */,
				A0FD3D831A87C17400960BBD /* MBProgressHUD.bundle */,
				A0FD3D841A87C17400960BBD /* MBProgressHUD.h */,
				A0FD3D851A87C17400960BBD /* MBProgressHUD.m */,
			);
			path = MBProgressHUD;
			sourceTree = "<group>";
		};
		A0FD3D861A87C17400960BBD /* MJExtension */ = {
			isa = PBXGroup;
			children = (
				A0FD3D871A87C17400960BBD /* MJArgument.h */,
				A0FD3D881A87C17400960BBD /* MJArgument.m */,
				A0FD3D891A87C17400960BBD /* MJExtension.h */,
				A0FD3D8A1A87C17400960BBD /* MJIvar.h */,
				A0FD3D8B1A87C17400960BBD /* MJIvar.m */,
				A0FD3D8C1A87C17400960BBD /* MJMember.h */,
				A0FD3D8D1A87C17400960BBD /* MJMember.m */,
				A0FD3D8E1A87C17400960BBD /* MJMethod.h */,
				A0FD3D8F1A87C17400960BBD /* MJMethod.m */,
				A0FD3D901A87C17400960BBD /* MJType.h */,
				A0FD3D911A87C17400960BBD /* MJType.m */,
				A0FD3D921A87C17400960BBD /* MJTypeEncoding.h */,
				A0FD3D931A87C17400960BBD /* MJTypeEncoding.m */,
				A0FD3D941A87C17400960BBD /* NSObject+MJCoding.h */,
				A0FD3D951A87C17400960BBD /* NSObject+MJCoding.m */,
				A0FD3D961A87C17400960BBD /* NSObject+MJKeyValue.h */,
				A0FD3D971A87C17400960BBD /* NSObject+MJKeyValue.m */,
				A0FD3D981A87C17400960BBD /* NSObject+MJMember.h */,
				A0FD3D991A87C17400960BBD /* NSObject+MJMember.m */,
			);
			path = MJExtension;
			sourceTree = "<group>";
		};
		A0FD3D9A1A87C17400960BBD /* MJPhotoBrowser */ = {
			isa = PBXGroup;
			children = (
				A0FD3D9B1A87C17400960BBD /* MJPhoto.h */,
				A0FD3D9C1A87C17400960BBD /* MJPhoto.m */,
				A0FD3D9D1A87C17400960BBD /* MJPhotoBrowser.bundle */,
				A0FD3D9E1A87C17400960BBD /* MJPhotoBrowser.h */,
				A0FD3D9F1A87C17400960BBD /* MJPhotoBrowser.m */,
				A0FD3DA01A87C17400960BBD /* MJPhotoLoadingView.h */,
				A0FD3DA11A87C17400960BBD /* MJPhotoLoadingView.m */,
				A0FD3DA21A87C17400960BBD /* MJPhotoProgressView.h */,
				A0FD3DA31A87C17400960BBD /* MJPhotoProgressView.m */,
				A0FD3DA41A87C17400960BBD /* MJPhotoToolbar.h */,
				A0FD3DA51A87C17400960BBD /* MJPhotoToolbar.m */,
				A0FD3DA61A87C17400960BBD /* MJPhotoView.h */,
				A0FD3DA71A87C17400960BBD /* MJPhotoView.m */,
				A0FD3DA81A87C17400960BBD /* SDWebImageManager+MJ.h */,
				A0FD3DA91A87C17400960BBD /* SDWebImageManager+MJ.m */,
			);
			path = MJPhotoBrowser;
			sourceTree = "<group>";
		};
		A0FD3DAA1A87C17400960BBD /* MJRefresh */ = {
			isa = PBXGroup;
			children = (
				A0FD3DAB1A87C17400960BBD /* MJRefresh.bundle */,
				A0FD3DAC1A87C17400960BBD /* MJRefresh.h */,
				A0FD3DAD1A87C17400960BBD /* MJRefreshBaseView.h */,
				A0FD3DAE1A87C17400960BBD /* MJRefreshBaseView.m */,
				A0FD3DAF1A87C17400960BBD /* MJRefreshConst.h */,
				A0FD3DB01A87C17400960BBD /* MJRefreshConst.m */,
				A0FD3DB11A87C17400960BBD /* MJRefreshFooterView.h */,
				A0FD3DB21A87C17400960BBD /* MJRefreshFooterView.m */,
				A0FD3DB31A87C17400960BBD /* MJRefreshHeaderView.h */,
				A0FD3DB41A87C17400960BBD /* MJRefreshHeaderView.m */,
			);
			path = MJRefresh;
			sourceTree = "<group>";
		};
		A0FD3DB51A87C17400960BBD /* SDWebImage */ = {
			isa = PBXGroup;
			children = (
				A0FD3DB61A87C17400960BBD /* MKAnnotationView+WebCache.h */,
				A0FD3DB71A87C17400960BBD /* MKAnnotationView+WebCache.m */,
				A0FD3DB81A87C17400960BBD /* NSData+ImageContentType.h */,
				A0FD3DB91A87C17400960BBD /* NSData+ImageContentType.m */,
				A0FD3DBA1A87C17400960BBD /* SDImageCache.h */,
				A0FD3DBB1A87C17400960BBD /* SDImageCache.m */,
				A0FD3DBC1A87C17400960BBD /* SDWebImageCompat.h */,
				A0FD3DBD1A87C17400960BBD /* SDWebImageCompat.m */,
				A0FD3DBE1A87C17400960BBD /* SDWebImageDecoder.h */,
				A0FD3DBF1A87C17400960BBD /* SDWebImageDecoder.m */,
				A0FD3DC01A87C17400960BBD /* SDWebImageDownloader.h */,
				A0FD3DC11A87C17400960BBD /* SDWebImageDownloader.m */,
				A0FD3DC21A87C17400960BBD /* SDWebImageDownloaderOperation.h */,
				A0FD3DC31A87C17400960BBD /* SDWebImageDownloaderOperation.m */,
				A0FD3DC41A87C17400960BBD /* SDWebImageManager.h */,
				A0FD3DC51A87C17400960BBD /* SDWebImageManager.m */,
				A0FD3DC61A87C17400960BBD /* SDWebImageOperation.h */,
				A0FD3DC71A87C17400960BBD /* SDWebImagePrefetcher.h */,
				A0FD3DC81A87C17400960BBD /* SDWebImagePrefetcher.m */,
				A0FD3DC91A87C17400960BBD /* UIButton+WebCache.h */,
				A0FD3DCA1A87C17400960BBD /* UIButton+WebCache.m */,
				A0FD3DCB1A87C17400960BBD /* UIImage+GIF.h */,
				A0FD3DCC1A87C17400960BBD /* UIImage+GIF.m */,
				A0FD3DCD1A87C17400960BBD /* UIImage+MultiFormat.h */,
				A0FD3DCE1A87C17400960BBD /* UIImage+MultiFormat.m */,
				A0FD3DCF1A87C17400960BBD /* UIImage+WebP.h */,
				A0FD3DD01A87C17400960BBD /* UIImage+WebP.m */,
				A0FD3DD11A87C17400960BBD /* UIImageView+HighlightedWebCache.h */,
				A0FD3DD21A87C17400960BBD /* UIImageView+HighlightedWebCache.m */,
				A0FD3DD31A87C17400960BBD /* UIImageView+WebCache.h */,
				A0FD3DD41A87C17400960BBD /* UIImageView+WebCache.m */,
				A0FD3DD51A87C17400960BBD /* UIView+WebCacheOperation.h */,
				A0FD3DD61A87C17400960BBD /* UIView+WebCacheOperation.m */,
			);
			path = SDWebImage;
			sourceTree = "<group>";
		};
		A0FD3DD71A87C17400960BBD /* TumblrMenu */ = {
			isa = PBXGroup;
			children = (
				A0FD3DD81A87C17400960BBD /* CHTumblrMenuView.h */,
				A0FD3DD91A87C17400960BBD /* CHTumblrMenuView.m */,
			);
			path = TumblrMenu;
			sourceTree = "<group>";
		};
		A0FD3E0D1A87C1AB00960BBD /* Category */ = {
			isa = PBXGroup;
			children = (
				A0FD3E0E1A87C1AB00960BBD /* NSDate+CX.h */,
				A0FD3E0F1A87C1AB00960BBD /* NSDate+CX.m */,
				A0FD3E101A87C1AB00960BBD /* UIBarButtonItem+CX.h */,
				A0FD3E111A87C1AB00960BBD /* UIBarButtonItem+CX.m */,
				A0FD3E121A87C1AB00960BBD /* UIImage+CX.h */,
				A0FD3E131A87C1AB00960BBD /* UIImage+CX.m */,
			);
			path = Category;
			sourceTree = "<group>";
		};
		A0FD3E171A87C1F700960BBD /* Tool */ = {
			isa = PBXGroup;
			children = (
				A0FD3E181A87C22000960BBD /* CXHttpTool.h */,
				A0FD3E191A87C22000960BBD /* CXHttpTool.m */,
			);
			path = Tool;
			sourceTree = "<group>";
		};
/* End PBXGroup section */

/* Begin PBXNativeTarget section */
		A00EBF3B1A77D40700565257 /* CXWeibo */ = {
			isa = PBXNativeTarget;
			buildConfigurationList = A00EBF5F1A77D40700565257 /* Build configuration list for PBXNativeTarget "CXWeibo" */;
			buildPhases = (
				A00EBF381A77D40700565257 /* Sources */,
				A00EBF391A77D40700565257 /* Frameworks */,
				A00EBF3A1A77D40700565257 /* Resources */,
			);
			buildRules = (
			);
			dependencies = (
			);
			name = CXWeibo;
			productName = CXWeibo;
			productReference = A00EBF3C1A77D40700565257 /* CXWeibo.app */;
			productType = "com.apple.product-type.application";
		};
		A00EBF541A77D40700565257 /* CXWeiboTests */ = {
			isa = PBXNativeTarget;
			buildConfigurationList = A00EBF621A77D40700565257 /* Build configuration list for PBXNativeTarget "CXWeiboTests" */;
			buildPhases = (
				A00EBF511A77D40700565257 /* Sources */,
				A00EBF521A77D40700565257 /* Frameworks */,
				A00EBF531A77D40700565257 /* Resources */,
			);
			buildRules = (
			);
			dependencies = (
				A00EBF571A77D40700565257 /* PBXTargetDependency */,
			);
			name = CXWeiboTests;
			productName = CXWeiboTests;
			productReference = A00EBF551A77D40700565257 /* CXWeiboTests.xctest */;
			productType = "com.apple.product-type.bundle.unit-test";
		};
/* End PBXNativeTarget section */

/* Begin PBXProject section */
		A00EBF341A77D40700565257 /* Project object */ = {
			isa = PBXProject;
			attributes = {
				CLASSPREFIX = CX;
				LastUpgradeCheck = 0610;
				ORGANIZATIONNAME = chenxi;
				TargetAttributes = {
					A00EBF3B1A77D40700565257 = {
						CreatedOnToolsVersion = 6.1.1;
					};
					A00EBF541A77D40700565257 = {
						CreatedOnToolsVersion = 6.1.1;
						TestTargetID = A00EBF3B1A77D40700565257;
					};
				};
			};
			buildConfigurationList = A00EBF371A77D40700565257 /* Build configuration list for PBXProject "CXWeibo" */;
			compatibilityVersion = "Xcode 3.2";
			developmentRegion = English;
			hasScannedForEncodings = 0;
			knownRegions = (
				en,
				Base,
			);
			mainGroup = A00EBF331A77D40700565257;
			productRefGroup = A00EBF3D1A77D40700565257 /* Products */;
			projectDirPath = "";
			projectRoot = "";
			targets = (
				A00EBF3B1A77D40700565257 /* CXWeibo */,
				A00EBF541A77D40700565257 /* CXWeiboTests */,
			);
		};
/* End PBXProject section */

/* Begin PBXResourcesBuildPhase section */
		A00EBF3A1A77D40700565257 /* Resources */ = {
			isa = PBXResourcesBuildPhase;
			buildActionMask = 2147483647;
			files = (
				A0FD3DF01A87C17400960BBD /* MJPhotoBrowser.bundle in Resources */,
				A00EBF4D1A77D40700565257 /* Images.xcassets in Resources */,
				A0FD3DF71A87C17400960BBD /* MJRefresh.bundle in Resources */,
				A0FD3DE41A87C17400960BBD /* MBProgressHUD.bundle in Resources */,
			);
			runOnlyForDeploymentPostprocessing = 0;
		};
		A00EBF531A77D40700565257 /* Resources */ = {
			isa = PBXResourcesBuildPhase;
			buildActionMask = 2147483647;
			files = (
			);
			runOnlyForDeploymentPostprocessing = 0;
		};
/* End PBXResourcesBuildPhase section */

/* Begin PBXSourcesBuildPhase section */
		A00EBF381A77D40700565257 /* Sources */ = {
			isa = PBXSourcesBuildPhase;
			buildActionMask = 2147483647;
			files = (
				A0FD3DDA1A87C17400960BBD /* AFHTTPRequestOperation.m in Sources */,
				A0FD3DDD1A87C17400960BBD /* AFNetworkReachabilityManager.m in Sources */,
				A0FD3DDC1A87C17400960BBD /* AFHTTPSessionManager.m in Sources */,
				A0AEF39E1A7CB5C1009F8B80 /* CXStatus.m in Sources */,
				A0FD3DE81A87C17400960BBD /* MJMember.m in Sources */,
				A09A48E61A789E6000A9B25E /* CXBadgeButton.m in Sources */,
				A0891C7E1A83B0E40041E04D /* CXPhotoView.m in Sources */,
				A00EBF8B1A77E18000565257 /* CXDiscoverViewController.m in Sources */,
				A0FD3DF31A87C17400960BBD /* MJPhotoProgressView.m in Sources */,
				A09A48EF1A794BC300A9B25E /* CXSearchBar.m in Sources */,
				A0109DC11A825B6400504A09 /* CXStatusTopView.m in Sources */,
				A0FD3DE11A87C17400960BBD /* AFURLResponseSerialization.m in Sources */,
				A0FD3E0C1A87C17400960BBD /* CHTumblrMenuView.m in Sources */,
				A05DC3241A7E05B200A565FF /* CXStatusCell.m in Sources */,
				A00EBF851A77E0DE00565257 /* CXHomeViewController.m in Sources */,
				A0FD3DE71A87C17400960BBD /* MJIvar.m in Sources */,
				A0891C9F1A83C4320041E04D /* CXPhotosView.m in Sources */,
				A0ACCD751AA3F74B000BD1A6 /* FMDatabaseQueue.m in Sources */,
				A00EBF7F1A77DC7100565257 /* main.m in Sources */,
				A01D73611A867A3B00E92602 /* CXComposeViewController.m in Sources */,
				A0FD3E091A87C17400960BBD /* UIImageView+HighlightedWebCache.m in Sources */,
				A0109DC71A82645100504A09 /* CXStatusToolbar.m in Sources */,
				A00EBF7E1A77DC7100565257 /* AppDelegate.m in Sources */,
				A0FD3DEC1A87C17400960BBD /* NSObject+MJCoding.m in Sources */,
				A05DC3271A7E56EC00A565FF /* CXStatusFrame.m in Sources */,
				A00EBF821A77DCC500565257 /* CXTabBarController.m in Sources */,
				A0AEF3A11A7CB66A009F8B80 /* CXUser.m in Sources */,
				A0FD3DFB1A87C17400960BBD /* MJRefreshHeaderView.m in Sources */,
				A0FD3DFE1A87C17400960BBD /* SDImageCache.m in Sources */,
				A0FD3DF91A87C17400960BBD /* MJRefreshConst.m in Sources */,
				A0FD3DFD1A87C17400960BBD /* NSData+ImageContentType.m in Sources */,
				A0FD3DF81A87C17400960BBD /* MJRefreshBaseView.m in Sources */,
				A0ACCD721AA3F74B000BD1A6 /* FMDatabase.m in Sources */,
				A0FD3DDF1A87C17400960BBD /* AFURLConnectionOperation.m in Sources */,
				A0ACCD651AA3F5E8000BD1A6 /* CXBaseParam.m in Sources */,
				A0A110F11A7B543400B7D938 /* CXAccount.m in Sources */,
				A0A111041A7B67B800B7D938 /* CXTitleButton.m in Sources */,
				A0FD3DF41A87C17400960BBD /* MJPhotoToolbar.m in Sources */,
				A0FD3E061A87C17400960BBD /* UIImage+GIF.m in Sources */,
				A09A48E91A793A8000A9B25E /* CXNavigationController.m in Sources */,
				A00EBF881A77E12B00565257 /* CXMessageViewController.m in Sources */,
				A0FD3DEB1A87C17400960BBD /* MJTypeEncoding.m in Sources */,
				A0FD3DF51A87C17400960BBD /* MJPhotoView.m in Sources */,
				A0FD3DEF1A87C17400960BBD /* MJPhoto.m in Sources */,
				A0FD3E081A87C17400960BBD /* UIImage+WebP.m in Sources */,
				A0FD3DE51A87C17400960BBD /* MBProgressHUD.m in Sources */,
				A0FD3E141A87C1AB00960BBD /* NSDate+CX.m in Sources */,
				A0FD3E0B1A87C17400960BBD /* UIView+WebCacheOperation.m in Sources */,
				A0FD3E031A87C17400960BBD /* SDWebImageManager.m in Sources */,
				A0ACCD731AA3F74B000BD1A6 /* FMDatabaseAdditions.m in Sources */,
				A0A110F51A7B5A5200B7D938 /* CXAccountTool.m in Sources */,
				A00EBFA41A77FA3700565257 /* CXTabBarButton.m in Sources */,
				A0FD3DF11A87C17400960BBD /* MJPhotoBrowser.m in Sources */,
				A0C55F421A871CF0004657AC /* CXComposeToolbar.m in Sources */,
				A0891C751A83ABFE0041E04D /* CXPhoto.m in Sources */,
				A0FD3DFA1A87C17400960BBD /* MJRefreshFooterView.m in Sources */,
				A0FD3E1A1A87C22000960BBD /* CXHttpTool.m in Sources */,
				A0FD3E0A1A87C17400960BBD /* UIImageView+WebCache.m in Sources */,
				A0FD3DFF1A87C17400960BBD /* SDWebImageCompat.m in Sources */,
				A0FD3D6A1A87B98300960BBD /* CXComposePhotosView.m in Sources */,
				A0FD3E001A87C17400960BBD /* SDWebImageDecoder.m in Sources */,
				A0FD3E071A87C17400960BBD /* UIImage+MultiFormat.m in Sources */,
				A0A110F81A7B5EAF00B7D938 /* CXWeiboTool.m in Sources */,
				A0FD3DE61A87C17400960BBD /* MJArgument.m in Sources */,
				A00EBFA11A77F81800565257 /* CXTabBar.m in Sources */,
				A0FD3DFC1A87C17400960BBD /* MKAnnotationView+WebCache.m in Sources */,
				A0FD3DED1A87C17400960BBD /* NSObject+MJKeyValue.m in Sources */,
				A0FD3DE01A87C17400960BBD /* AFURLRequestSerialization.m in Sources */,
				A0ACCD741AA3F74B000BD1A6 /* FMDatabasePool.m in Sources */,
				A0FD3DE31A87C17400960BBD /* MBProgressHUD+MJ.m in Sources */,
				A0ACCD611AA3F57C000BD1A6 /* CXHomeStatusesParam.m in Sources */,
				A0FD3DDB1A87C17400960BBD /* AFHTTPRequestOperationManager.m in Sources */,
				A0FD3DF61A87C17400960BBD /* SDWebImageManager+MJ.m in Sources */,
				A0FD3DE21A87C17400960BBD /* AFURLSessionManager.m in Sources */,
				A0FD3DE91A87C17400960BBD /* MJMethod.m in Sources */,
				A01D73651A867F1800E92602 /* CXTextView.m in Sources */,
				A0FD3E021A87C17400960BBD /* SDWebImageDownloaderOperation.m in Sources */,
				A0ACCD5C1AA3F458000BD1A6 /* CXStatusCacheTool.m in Sources */,
				A0A110CC1A7B477400B7D938 /* CXOAuthViewController.m in Sources */,
				A0FD3E151A87C1AB00960BBD /* UIBarButtonItem+CX.m in Sources */,
				A0FD3E041A87C17400960BBD /* SDWebImagePrefetcher.m in Sources */,
				A0FD3E011A87C17400960BBD /* SDWebImageDownloader.m in Sources */,
				A0FD3DEA1A87C17400960BBD /* MJType.m in Sources */,
				A0FD3E051A87C17400960BBD /* UIButton+WebCache.m in Sources */,
				A0FD3DDE1A87C17400960BBD /* AFSecurityPolicy.m in Sources */,
				A00EBF8E1A77E1F500565257 /* CXMineViewController.m in Sources */,
				A0ACCD761AA3F74B000BD1A6 /* FMResultSet.m in Sources */,
				A0FD3DEE1A87C17400960BBD /* NSObject+MJMember.m in Sources */,
				A0FD3DF21A87C17400960BBD /* MJPhotoLoadingView.m in Sources */,
				A0A110C51A79E39B00B7D938 /* CXNewfeatureViewController.m in Sources */,
				A0FD3E161A87C1AB00960BBD /* UIImage+CX.m in Sources */,
				A0109DC41A8260F600504A09 /* CXReweetStatusView.m in Sources */,
			);
			runOnlyForDeploymentPostprocessing = 0;
		};
		A00EBF511A77D40700565257 /* Sources */ = {
			isa = PBXSourcesBuildPhase;
			buildActionMask = 2147483647;
			files = (
				A00EBF5C1A77D40700565257 /* CXWeiboTests.m in Sources */,
			);
			runOnlyForDeploymentPostprocessing = 0;
		};
/* End PBXSourcesBuildPhase section */

/* Begin PBXTargetDependency section */
		A00EBF571A77D40700565257 /* PBXTargetDependency */ = {
			isa = PBXTargetDependency;
			target = A00EBF3B1A77D40700565257 /* CXWeibo */;
			targetProxy = A00EBF561A77D40700565257 /* PBXContainerItemProxy */;
		};
/* End PBXTargetDependency section */

/* Begin XCBuildConfiguration section */
		A00EBF5D1A77D40700565257 /* Debug */ = {
			isa = XCBuildConfiguration;
			buildSettings = {
				ALWAYS_SEARCH_USER_PATHS = NO;
				CLANG_CXX_LANGUAGE_STANDARD = "gnu++0x";
				CLANG_CXX_LIBRARY = "libc++";
				CLANG_ENABLE_MODULES = YES;
				CLANG_ENABLE_OBJC_ARC = YES;
				CLANG_WARN_BOOL_CONVERSION = YES;
				CLANG_WARN_CONSTANT_CONVERSION = YES;
				CLANG_WARN_DIRECT_OBJC_ISA_USAGE = YES_ERROR;
				CLANG_WARN_EMPTY_BODY = YES;
				CLANG_WARN_ENUM_CONVERSION = YES;
				CLANG_WARN_INT_CONVERSION = YES;
				CLANG_WARN_OBJC_ROOT_CLASS = YES_ERROR;
				CLANG_WARN_UNREACHABLE_CODE = YES;
				CLANG_WARN__DUPLICATE_METHOD_MATCH = YES;
				"CODE_SIGN_IDENTITY[sdk=iphoneos*]" = "iPhone Developer";
				COPY_PHASE_STRIP = NO;
				ENABLE_STRICT_OBJC_MSGSEND = YES;
				GCC_C_LANGUAGE_STANDARD = gnu99;
				GCC_DYNAMIC_NO_PIC = NO;
				GCC_OPTIMIZATION_LEVEL = 0;
				GCC_PREPROCESSOR_DEFINITIONS = (
					"DEBUG=1",
					"$(inherited)",
				);
				GCC_SYMBOLS_PRIVATE_EXTERN = NO;
				GCC_WARN_64_TO_32_BIT_CONVERSION = YES;
				GCC_WARN_ABOUT_RETURN_TYPE = YES_ERROR;
				GCC_WARN_UNDECLARED_SELECTOR = YES;
				GCC_WARN_UNINITIALIZED_AUTOS = YES_AGGRESSIVE;
				GCC_WARN_UNUSED_FUNCTION = YES;
				GCC_WARN_UNUSED_VARIABLE = YES;
				IPHONEOS_DEPLOYMENT_TARGET = 8.1;
				MTL_ENABLE_DEBUG_INFO = YES;
				ONLY_ACTIVE_ARCH = YES;
				SDKROOT = iphoneos;
			};
			name = Debug;
		};
		A00EBF5E1A77D40700565257 /* Release */ = {
			isa = XCBuildConfiguration;
			buildSettings = {
				ALWAYS_SEARCH_USER_PATHS = NO;
				CLANG_CXX_LANGUAGE_STANDARD = "gnu++0x";
				CLANG_CXX_LIBRARY = "libc++";
				CLANG_ENABLE_MODULES = YES;
				CLANG_ENABLE_OBJC_ARC = YES;
				CLANG_WARN_BOOL_CONVERSION = YES;
				CLANG_WARN_CONSTANT_CONVERSION = YES;
				CLANG_WARN_DIRECT_OBJC_ISA_USAGE = YES_ERROR;
				CLANG_WARN_EMPTY_BODY = YES;
				CLANG_WARN_ENUM_CONVERSION = YES;
				CLANG_WARN_INT_CONVERSION = YES;
				CLANG_WARN_OBJC_ROOT_CLASS = YES_ERROR;
				CLANG_WARN_UNREACHABLE_CODE = YES;
				CLANG_WARN__DUPLICATE_METHOD_MATCH = YES;
				"CODE_SIGN_IDENTITY[sdk=iphoneos*]" = "iPhone Developer";
				COPY_PHASE_STRIP = YES;
				ENABLE_NS_ASSERTIONS = NO;
				ENABLE_STRICT_OBJC_MSGSEND = YES;
				GCC_C_LANGUAGE_STANDARD = gnu99;
				GCC_WARN_64_TO_32_BIT_CONVERSION = YES;
				GCC_WARN_ABOUT_RETURN_TYPE = YES_ERROR;
				GCC_WARN_UNDECLARED_SELECTOR = YES;
				GCC_WARN_UNINITIALIZED_AUTOS = YES_AGGRESSIVE;
				GCC_WARN_UNUSED_FUNCTION = YES;
				GCC_WARN_UNUSED_VARIABLE = YES;
				IPHONEOS_DEPLOYMENT_TARGET = 8.1;
				MTL_ENABLE_DEBUG_INFO = NO;
				SDKROOT = iphoneos;
				VALIDATE_PRODUCT = YES;
			};
			name = Release;
		};
		A00EBF601A77D40700565257 /* Debug */ = {
			isa = XCBuildConfiguration;
			buildSettings = {
				ASSETCATALOG_COMPILER_APPICON_NAME = AppIcon;
				ASSETCATALOG_COMPILER_LAUNCHIMAGE_NAME = LaunchImage;
				GCC_PREFIX_HEADER = "CXWeibo/Classes/Other(其他)/PrefixHeader.pch";
				INFOPLIST_FILE = CXWeibo/Info.plist;
				IPHONEOS_DEPLOYMENT_TARGET = 7.1;
				LD_RUNPATH_SEARCH_PATHS = "$(inherited) @executable_path/Frameworks";
				PRODUCT_NAME = "$(TARGET_NAME)";
			};
			name = Debug;
		};
		A00EBF611A77D40700565257 /* Release */ = {
			isa = XCBuildConfiguration;
			buildSettings = {
				ASSETCATALOG_COMPILER_APPICON_NAME = AppIcon;
				ASSETCATALOG_COMPILER_LAUNCHIMAGE_NAME = LaunchImage;
				GCC_PREFIX_HEADER = "CXWeibo/Classes/Other(其他)/PrefixHeader.pch";
				INFOPLIST_FILE = CXWeibo/Info.plist;
				IPHONEOS_DEPLOYMENT_TARGET = 7.1;
				LD_RUNPATH_SEARCH_PATHS = "$(inherited) @executable_path/Frameworks";
				PRODUCT_NAME = "$(TARGET_NAME)";
			};
			name = Release;
		};
		A00EBF631A77D40700565257 /* Debug */ = {
			isa = XCBuildConfiguration;
			buildSettings = {
				BUNDLE_LOADER = "$(TEST_HOST)";
				FRAMEWORK_SEARCH_PATHS = (
					"$(SDKROOT)/Developer/Library/Frameworks",
					"$(inherited)",
				);
				GCC_PREPROCESSOR_DEFINITIONS = (
					"DEBUG=1",
					"$(inherited)",
				);
				INFOPLIST_FILE = CXWeiboTests/Info.plist;
				LD_RUNPATH_SEARCH_PATHS = "$(inherited) @executable_path/Frameworks @loader_path/Frameworks";
				PRODUCT_NAME = "$(TARGET_NAME)";
				TEST_HOST = "$(BUILT_PRODUCTS_DIR)/CXWeibo.app/CXWeibo";
			};
			name = Debug;
		};
		A00EBF641A77D40700565257 /* Release */ = {
			isa = XCBuildConfiguration;
			buildSettings = {
				BUNDLE_LOADER = "$(TEST_HOST)";
				FRAMEWORK_SEARCH_PATHS = (
					"$(SDKROOT)/Developer/Library/Frameworks",
					"$(inherited)",
				);
				INFOPLIST_FILE = CXWeiboTests/Info.plist;
				LD_RUNPATH_SEARCH_PATHS = "$(inherited) @executable_path/Frameworks @loader_path/Frameworks";
				PRODUCT_NAME = "$(TARGET_NAME)";
				TEST_HOST = "$(BUILT_PRODUCTS_DIR)/CXWeibo.app/CXWeibo";
			};
			name = Release;
		};
/* End XCBuildConfiguration section */

/* Begin XCConfigurationList section */
		A00EBF371A77D40700565257 /* Build configuration list for PBXProject "CXWeibo" */ = {
			isa = XCConfigurationList;
			buildConfigurations = (
				A00EBF5D1A77D40700565257 /* Debug */,
				A00EBF5E1A77D40700565257 /* Release */,
			);
			defaultConfigurationIsVisible = 0;
			defaultConfigurationName = Release;
		};
		A00EBF5F1A77D40700565257 /* Build configuration list for PBXNativeTarget "CXWeibo" */ = {
			isa = XCConfigurationList;
			buildConfigurations = (
				A00EBF601A77D40700565257 /* Debug */,
				A00EBF611A77D40700565257 /* Release */,
			);
			defaultConfigurationIsVisible = 0;
			defaultConfigurationName = Release;
		};
		A00EBF621A77D40700565257 /* Build configuration list for PBXNativeTarget "CXWeiboTests" */ = {
			isa = XCConfigurationList;
			buildConfigurations = (
				A00EBF631A77D40700565257 /* Debug */,
				A00EBF641A77D40700565257 /* Release */,
			);
			defaultConfigurationIsVisible = 0;
			defaultConfigurationName = Release;
		};
/* End XCConfigurationList section */
	};
	rootObject = A00EBF341A77D40700565257 /* Project object */;
}
