// !$*UTF8*$!
{
	archiveVersion = 1;
	classes = {
	};
	objectVersion = 46;
	objects = {

/* Begin PBXBuildFile section */
		A00EBF4D1A77D40700565257 /* Images.xcassets in Resources */ = {isa = PBXBuildFile; fileRef = A00EBF4C1A77D40700565257 /* Images.xcassets */; };
		A00EBF5C1A77D40700565257 /* CXWeiboTests.m in Sources */ = {isa = PBXBuildFile; fileRef = A00EBF5B1A77D40700565257 /* CXWeiboTests.m */; };
		A00EBF7E1A77DC7100565257 /* AppDelegate.m in Sources */ = {isa = PBXBuildFile; fileRef = A00EBF7C1A77DC7100565257 /* AppDelegate.m */; };
		A00EBF7F1A77DC7100565257 /* main.m in Sources */ = {isa = PBXBuildFile; fileRef = A00EBF7D1A77DC7100565257 /* main.m */; };
		A00EBF821A77DCC500565257 /* CXTabBarController.m in Sources */ = {isa = PBXBuildFile; fileRef = A00EBF811A77DCC500565257 /* CXTabBarController.m */; };
		A00EBF851A77E0DE00565257 /* CXHomeViewController.m in Sources */ = {isa = PBXBuildFile; fileRef = A00EBF841A77E0DE00565257 /* CXHomeViewController.m */; };
		A00EBF881A77E12B00565257 /* CXMessageViewController.m in Sources */ = {isa = PBXBuildFile; fileRef = A00EBF871A77E12B00565257 /* CXMessageViewController.m */; };
		A00EBF8B1A77E18000565257 /* CXDiscoverViewController.m in Sources */ = {isa = PBXBuildFile; fileRef = A00EBF8A1A77E18000565257 /* CXDiscoverViewController.m */; };
		A00EBF8E1A77E1F500565257 /* CXMineViewController.m in Sources */ = {isa = PBXBuildFile; fileRef = A00EBF8D1A77E1F500565257 /* CXMineViewController.m */; };
		A00EBF931A77F05200565257 /* UIImage+CX.m in Sources */ = {isa = PBXBuildFile; fileRef = A00EBF921A77F05200565257 /* UIImage+CX.m */; };
		A00EBFA11A77F81800565257 /* CXTabBar.m in Sources */ = {isa = PBXBuildFile; fileRef = A00EBFA01A77F81800565257 /* CXTabBar.m */; };
		A00EBFA41A77FA3700565257 /* CXTabBarButton.m in Sources */ = {isa = PBXBuildFile; fileRef = A00EBFA31A77FA3700565257 /* CXTabBarButton.m */; };
/* End PBXBuildFile section */

/* Begin PBXContainerItemProxy section */
		A00EBF561A77D40700565257 /* PBXContainerItemProxy */ = {
			isa = PBXContainerItemProxy;
			containerPortal = A00EBF341A77D40700565257 /* Project object */;
			proxyType = 1;
			remoteGlobalIDString = A00EBF3B1A77D40700565257;
			remoteInfo = CXWeibo;
		};
/* End PBXContainerItemProxy section */

/* Begin PBXFileReference section */
		A00EBF3C1A77D40700565257 /* CXWeibo.app */ = {isa = PBXFileReference; explicitFileType = wrapper.application; includeInIndex = 0; path = CXWeibo.app; sourceTree = BUILT_PRODUCTS_DIR; };
		A00EBF401A77D40700565257 /* Info.plist */ = {isa = PBXFileReference; lastKnownFileType = text.plist.xml; path = Info.plist; sourceTree = "<group>"; };
		A00EBF4C1A77D40700565257 /* Images.xcassets */ = {isa = PBXFileReference; lastKnownFileType = folder.assetcatalog; path = Images.xcassets; sourceTree = "<group>"; };
		A00EBF551A77D40700565257 /* CXWeiboTests.xctest */ = {isa = PBXFileReference; explicitFileType = wrapper.cfbundle; includeInIndex = 0; path = CXWeiboTests.xctest; sourceTree = BUILT_PRODUCTS_DIR; };
		A00EBF5A1A77D40700565257 /* Info.plist */ = {isa = PBXFileReference; lastKnownFileType = text.plist.xml; path = Info.plist; sourceTree = "<group>"; };
		A00EBF5B1A77D40700565257 /* CXWeiboTests.m */ = {isa = PBXFileReference; lastKnownFileType = sourcecode.c.objc; path = CXWeiboTests.m; sourceTree = "<group>"; };
		A00EBF7B1A77DC7100565257 /* AppDelegate.h */ = {isa = PBXFileReference; fileEncoding = 4; lastKnownFileType = sourcecode.c.h; path = AppDelegate.h; sourceTree = "<group>"; };
		A00EBF7C1A77DC7100565257 /* AppDelegate.m */ = {isa = PBXFileReference; fileEncoding = 4; lastKnownFileType = sourcecode.c.objc; path = AppDelegate.m; sourceTree = "<group>"; };
		A00EBF7D1A77DC7100565257 /* main.m */ = {isa = PBXFileReference; fileEncoding = 4; lastKnownFileType = sourcecode.c.objc; path = main.m; sourceTree = "<group>"; };
		A00EBF801A77DCC500565257 /* CXTabBarController.h */ = {isa = PBXFileReference; fileEncoding = 4; lastKnownFileType = sourcecode.c.h; path = CXTabBarController.h; sourceTree = "<group>"; };
		A00EBF811A77DCC500565257 /* CXTabBarController.m */ = {isa = PBXFileReference; fileEncoding = 4; lastKnownFileType = sourcecode.c.objc; path = CXTabBarController.m; sourceTree = "<group>"; };
		A00EBF831A77E0DE00565257 /* CXHomeViewController.h */ = {isa = PBXFileReference; fileEncoding = 4; lastKnownFileType = sourcecode.c.h; path = CXHomeViewController.h; sourceTree = "<group>"; };
		A00EBF841A77E0DE00565257 /* CXHomeViewController.m */ = {isa = PBXFileReference; fileEncoding = 4; lastKnownFileType = sourcecode.c.objc; path = CXHomeViewController.m; sourceTree = "<group>"; };
		A00EBF861A77E12B00565257 /* CXMessageViewController.h */ = {isa = PBXFileReference; fileEncoding = 4; lastKnownFileType = sourcecode.c.h; path = CXMessageViewController.h; sourceTree = "<group>"; };
		A00EBF871A77E12B00565257 /* CXMessageViewController.m */ = {isa = PBXFileReference; fileEncoding = 4; lastKnownFileType = sourcecode.c.objc; path = CXMessageViewController.m; sourceTree = "<group>"; };
		A00EBF891A77E18000565257 /* CXDiscoverViewController.h */ = {isa = PBXFileReference; fileEncoding = 4; lastKnownFileType = sourcecode.c.h; path = CXDiscoverViewController.h; sourceTree = "<group>"; };
		A00EBF8A1A77E18000565257 /* CXDiscoverViewController.m */ = {isa = PBXFileReference; fileEncoding = 4; lastKnownFileType = sourcecode.c.objc; path = CXDiscoverViewController.m; sourceTree = "<group>"; };
		A00EBF8C1A77E1F500565257 /* CXMineViewController.h */ = {isa = PBXFileReference; fileEncoding = 4; lastKnownFileType = sourcecode.c.h; path = CXMineViewController.h; sourceTree = "<group>"; };
		A00EBF8D1A77E1F500565257 /* CXMineViewController.m */ = {isa = PBXFileReference; fileEncoding = 4; lastKnownFileType = sourcecode.c.objc; path = CXMineViewController.m; sourceTree = "<group>"; };
		A00EBF8F1A77EDDB00565257 /* PrefixHeader.pch */ = {isa = PBXFileReference; lastKnownFileType = sourcecode.c.h; path = PrefixHeader.pch; sourceTree = "<group>"; };
		A00EBF911A77F05200565257 /* UIImage+CX.h */ = {isa = PBXFileReference; fileEncoding = 4; lastKnownFileType = sourcecode.c.h; path = "UIImage+CX.h"; sourceTree = "<group>"; };
		A00EBF921A77F05200565257 /* UIImage+CX.m */ = {isa = PBXFileReference; fileEncoding = 4; lastKnownFileType = sourcecode.c.objc; path = "UIImage+CX.m"; sourceTree = "<group>"; };
		A00EBF9F1A77F81800565257 /* CXTabBar.h */ = {isa = PBXFileReference; fileEncoding = 4; lastKnownFileType = sourcecode.c.h; path = CXTabBar.h; sourceTree = "<group>"; };
		A00EBFA01A77F81800565257 /* CXTabBar.m */ = {isa = PBXFileReference; fileEncoding = 4; lastKnownFileType = sourcecode.c.objc; path = CXTabBar.m; sourceTree = "<group>"; };
		A00EBFA21A77FA3700565257 /* CXTabBarButton.h */ = {isa = PBXFileReference; fileEncoding = 4; lastKnownFileType = sourcecode.c.h; path = CXTabBarButton.h; sourceTree = "<group>"; };
		A00EBFA31A77FA3700565257 /* CXTabBarButton.m */ = {isa = PBXFileReference; fileEncoding = 4; lastKnownFileType = sourcecode.c.objc; path = CXTabBarButton.m; sourceTree = "<group>"; };
/* End PBXFileReference section */

/* Begin PBXFrameworksBuildPhase section */
		A00EBF391A77D40700565257 /* Frameworks */ = {
			isa = PBXFrameworksBuildPhase;
			buildActionMask = 2147483647;
			files = (
			);
			runOnlyForDeploymentPostprocessing = 0;
		};
		A00EBF521A77D40700565257 /* Frameworks */ = {
			isa = PBXFrameworksBuildPhase;
			buildActionMask = 2147483647;
			files = (
			);
			runOnlyForDeploymentPostprocessing = 0;
		};
/* End PBXFrameworksBuildPhase section */

/* Begin PBXGroup section */
		A00EBF331A77D40700565257 = {
			isa = PBXGroup;
			children = (
				A00EBF3E1A77D40700565257 /* CXWeibo */,
				A00EBF581A77D40700565257 /* CXWeiboTests */,
				A00EBF3D1A77D40700565257 /* Products */,
			);
			sourceTree = "<group>";
		};
		A00EBF3D1A77D40700565257 /* Products */ = {
			isa = PBXGroup;
			children = (
				A00EBF3C1A77D40700565257 /* CXWeibo.app */,
				A00EBF551A77D40700565257 /* CXWeiboTests.xctest */,
			);
			name = Products;
			sourceTree = "<group>";
		};
		A00EBF3E1A77D40700565257 /* CXWeibo */ = {
			isa = PBXGroup;
			children = (
				A00EBF651A77DC7100565257 /* Classes */,
				A00EBF3F1A77D40700565257 /* Supporting Files */,
			);
			path = CXWeibo;
			sourceTree = "<group>";
		};
		A00EBF3F1A77D40700565257 /* Supporting Files */ = {
			isa = PBXGroup;
			children = (
				A00EBF4C1A77D40700565257 /* Images.xcassets */,
				A00EBF401A77D40700565257 /* Info.plist */,
			);
			name = "Supporting Files";
			sourceTree = "<group>";
		};
		A00EBF581A77D40700565257 /* CXWeiboTests */ = {
			isa = PBXGroup;
			children = (
				A00EBF5B1A77D40700565257 /* CXWeiboTests.m */,
				A00EBF591A77D40700565257 /* Supporting Files */,
			);
			path = CXWeiboTests;
			sourceTree = "<group>";
		};
		A00EBF591A77D40700565257 /* Supporting Files */ = {
			isa = PBXGroup;
			children = (
				A00EBF5A1A77D40700565257 /* Info.plist */,
			);
			name = "Supporting Files";
			sourceTree = "<group>";
		};
		A00EBF651A77DC7100565257 /* Classes */ = {
			isa = PBXGroup;
			children = (
				A00EBF661A77DC7100565257 /* Discover(发现) */,
				A00EBF6A1A77DC7100565257 /* Home(首页) */,
				A00EBF6E1A77DC7100565257 /* Main(主要) */,
				A00EBF721A77DC7100565257 /* Message(消息) */,
				A00EBF761A77DC7100565257 /* Mine(我) */,
				A00EBF7A1A77DC7100565257 /* Other(其他) */,
			);
			path = Classes;
			sourceTree = "<group>";
		};
		A00EBF661A77DC7100565257 /* Discover(发现) */ = {
			isa = PBXGroup;
			children = (
				A00EBF671A77DC7100565257 /* Controller */,
				A00EBF681A77DC7100565257 /* Model */,
				A00EBF691A77DC7100565257 /* View */,
			);
			path = "Discover(发现)";
			sourceTree = "<group>";
		};
		A00EBF671A77DC7100565257 /* Controller */ = {
			isa = PBXGroup;
			children = (
				A00EBF891A77E18000565257 /* CXDiscoverViewController.h */,
				A00EBF8A1A77E18000565257 /* CXDiscoverViewController.m */,
			);
			path = Controller;
			sourceTree = "<group>";
		};
		A00EBF681A77DC7100565257 /* Model */ = {
			isa = PBXGroup;
			children = (
			);
			path = Model;
			sourceTree = "<group>";
		};
		A00EBF691A77DC7100565257 /* View */ = {
			isa = PBXGroup;
			children = (
			);
			path = View;
			sourceTree = "<group>";
		};
		A00EBF6A1A77DC7100565257 /* Home(首页) */ = {
			isa = PBXGroup;
			children = (
				A00EBF6B1A77DC7100565257 /* Controller */,
				A00EBF6C1A77DC7100565257 /* Model */,
				A00EBF6D1A77DC7100565257 /* View */,
			);
			path = "Home(首页)";
			sourceTree = "<group>";
		};
		A00EBF6B1A77DC7100565257 /* Controller */ = {
			isa = PBXGroup;
			children = (
				A00EBF831A77E0DE00565257 /* CXHomeViewController.h */,
				A00EBF841A77E0DE00565257 /* CXHomeViewController.m */,
			);
			path = Controller;
			sourceTree = "<group>";
		};
		A00EBF6C1A77DC7100565257 /* Model */ = {
			isa = PBXGroup;
			children = (
			);
			path = Model;
			sourceTree = "<group>";
		};
		A00EBF6D1A77DC7100565257 /* View */ = {
			isa = PBXGroup;
			children = (
			);
			path = View;
			sourceTree = "<group>";
		};
		A00EBF6E1A77DC7100565257 /* Main(主要) */ = {
			isa = PBXGroup;
			children = (
				A00EBF9E1A77F80900565257 /* View */,
				A00EBF6F1A77DC7100565257 /* Controller */,
				A00EBF701A77DC7100565257 /* Model */,
			);
			path = "Main(主要)";
			sourceTree = "<group>";
		};
		A00EBF6F1A77DC7100565257 /* Controller */ = {
			isa = PBXGroup;
			children = (
				A00EBF801A77DCC500565257 /* CXTabBarController.h */,
				A00EBF811A77DCC500565257 /* CXTabBarController.m */,
			);
			path = Controller;
			sourceTree = "<group>";
		};
		A00EBF701A77DC7100565257 /* Model */ = {
			isa = PBXGroup;
			children = (
			);
			path = Model;
			sourceTree = "<group>";
		};
		A00EBF721A77DC7100565257 /* Message(消息) */ = {
			isa = PBXGroup;
			children = (
				A00EBF731A77DC7100565257 /* Controller */,
				A00EBF741A77DC7100565257 /* Model */,
				A00EBF751A77DC7100565257 /* View */,
			);
			path = "Message(消息)";
			sourceTree = "<group>";
		};
		A00EBF731A77DC7100565257 /* Controller */ = {
			isa = PBXGroup;
			children = (
				A00EBF861A77E12B00565257 /* CXMessageViewController.h */,
				A00EBF871A77E12B00565257 /* CXMessageViewController.m */,
			);
			path = Controller;
			sourceTree = "<group>";
		};
		A00EBF741A77DC7100565257 /* Model */ = {
			isa = PBXGroup;
			children = (
			);
			path = Model;
			sourceTree = "<group>";
		};
		A00EBF751A77DC7100565257 /* View */ = {
			isa = PBXGroup;
			children = (
			);
			path = View;
			sourceTree = "<group>";
		};
		A00EBF761A77DC7100565257 /* Mine(我) */ = {
			isa = PBXGroup;
			children = (
				A00EBF771A77DC7100565257 /* Controller */,
				A00EBF781A77DC7100565257 /* Model */,
				A00EBF791A77DC7100565257 /* View */,
			);
			path = "Mine(我)";
			sourceTree = "<group>";
		};
		A00EBF771A77DC7100565257 /* Controller */ = {
			isa = PBXGroup;
			children = (
				A00EBF8C1A77E1F500565257 /* CXMineViewController.h */,
				A00EBF8D1A77E1F500565257 /* CXMineViewController.m */,
			);
			path = Controller;
			sourceTree = "<group>";
		};
		A00EBF781A77DC7100565257 /* Model */ = {
			isa = PBXGroup;
			children = (
			);
			path = Model;
			sourceTree = "<group>";
		};
		A00EBF791A77DC7100565257 /* View */ = {
			isa = PBXGroup;
			children = (
			);
			path = View;
			sourceTree = "<group>";
		};
		A00EBF7A1A77DC7100565257 /* Other(其他) */ = {
			isa = PBXGroup;
			children = (
				A00EBF901A77F01700565257 /* Category */,
				A00EBF7B1A77DC7100565257 /* AppDelegate.h */,
				A00EBF7C1A77DC7100565257 /* AppDelegate.m */,
				A00EBF7D1A77DC7100565257 /* main.m */,
				A00EBF8F1A77EDDB00565257 /* PrefixHeader.pch */,
			);
			path = "Other(其他)";
			sourceTree = "<group>";
		};
		A00EBF901A77F01700565257 /* Category */ = {
			isa = PBXGroup;
			children = (
				A00EBF911A77F05200565257 /* UIImage+CX.h */,
				A00EBF921A77F05200565257 /* UIImage+CX.m */,
			);
			name = Category;
			sourceTree = "<group>";
		};
		A00EBF9E1A77F80900565257 /* View */ = {
			isa = PBXGroup;
			children = (
				A00EBF9F1A77F81800565257 /* CXTabBar.h */,
				A00EBFA01A77F81800565257 /* CXTabBar.m */,
				A00EBFA21A77FA3700565257 /* CXTabBarButton.h */,
				A00EBFA31A77FA3700565257 /* CXTabBarButton.m */,
			);
			path = View;
			sourceTree = "<group>";
		};
/* End PBXGroup section */

/* Begin PBXNativeTarget section */
		A00EBF3B1A77D40700565257 /* CXWeibo */ = {
			isa = PBXNativeTarget;
			buildConfigurationList = A00EBF5F1A77D40700565257 /* Build configuration list for PBXNativeTarget "CXWeibo" */;
			buildPhases = (
				A00EBF381A77D40700565257 /* Sources */,
				A00EBF391A77D40700565257 /* Frameworks */,
				A00EBF3A1A77D40700565257 /* Resources */,
			);
			buildRules = (
			);
			dependencies = (
			);
			name = CXWeibo;
			productName = CXWeibo;
			productReference = A00EBF3C1A77D40700565257 /* CXWeibo.app */;
			productType = "com.apple.product-type.application";
		};
		A00EBF541A77D40700565257 /* CXWeiboTests */ = {
			isa = PBXNativeTarget;
			buildConfigurationList = A00EBF621A77D40700565257 /* Build configuration list for PBXNativeTarget "CXWeiboTests" */;
			buildPhases = (
				A00EBF511A77D40700565257 /* Sources */,
				A00EBF521A77D40700565257 /* Frameworks */,
				A00EBF531A77D40700565257 /* Resources */,
			);
			buildRules = (
			);
			dependencies = (
				A00EBF571A77D40700565257 /* PBXTargetDependency */,
			);
			name = CXWeiboTests;
			productName = CXWeiboTests;
			productReference = A00EBF551A77D40700565257 /* CXWeiboTests.xctest */;
			productType = "com.apple.product-type.bundle.unit-test";
		};
/* End PBXNativeTarget section */

/* Begin PBXProject section */
		A00EBF341A77D40700565257 /* Project object */ = {
			isa = PBXProject;
			attributes = {
				CLASSPREFIX = CX;
				LastUpgradeCheck = 0610;
				ORGANIZATIONNAME = chenxi;
				TargetAttributes = {
					A00EBF3B1A77D40700565257 = {
						CreatedOnToolsVersion = 6.1.1;
					};
					A00EBF541A77D40700565257 = {
						CreatedOnToolsVersion = 6.1.1;
						TestTargetID = A00EBF3B1A77D40700565257;
					};
				};
			};
			buildConfigurationList = A00EBF371A77D40700565257 /* Build configuration list for PBXProject "CXWeibo" */;
			compatibilityVersion = "Xcode 3.2";
			developmentRegion = English;
			hasScannedForEncodings = 0;
			knownRegions = (
				en,
				Base,
			);
			mainGroup = A00EBF331A77D40700565257;
			productRefGroup = A00EBF3D1A77D40700565257 /* Products */;
			projectDirPath = "";
			projectRoot = "";
			targets = (
				A00EBF3B1A77D40700565257 /* CXWeibo */,
				A00EBF541A77D40700565257 /* CXWeiboTests */,
			);
		};
/* End PBXProject section */

/* Begin PBXResourcesBuildPhase section */
		A00EBF3A1A77D40700565257 /* Resources */ = {
			isa = PBXResourcesBuildPhase;
			buildActionMask = 2147483647;
			files = (
				A00EBF4D1A77D40700565257 /* Images.xcassets in Resources */,
			);
			runOnlyForDeploymentPostprocessing = 0;
		};
		A00EBF531A77D40700565257 /* Resources */ = {
			isa = PBXResourcesBuildPhase;
			buildActionMask = 2147483647;
			files = (
			);
			runOnlyForDeploymentPostprocessing = 0;
		};
/* End PBXResourcesBuildPhase section */

/* Begin PBXSourcesBuildPhase section */
		A00EBF381A77D40700565257 /* Sources */ = {
			isa = PBXSourcesBuildPhase;
			buildActionMask = 2147483647;
			files = (
				A00EBF8B1A77E18000565257 /* CXDiscoverViewController.m in Sources */,
				A00EBF851A77E0DE00565257 /* CXHomeViewController.m in Sources */,
				A00EBF7F1A77DC7100565257 /* main.m in Sources */,
				A00EBF7E1A77DC7100565257 /* AppDelegate.m in Sources */,
				A00EBF821A77DCC500565257 /* CXTabBarController.m in Sources */,
				A00EBF881A77E12B00565257 /* CXMessageViewController.m in Sources */,
				A00EBFA41A77FA3700565257 /* CXTabBarButton.m in Sources */,
				A00EBFA11A77F81800565257 /* CXTabBar.m in Sources */,
				A00EBF931A77F05200565257 /* UIImage+CX.m in Sources */,
				A00EBF8E1A77E1F500565257 /* CXMineViewController.m in Sources */,
			);
			runOnlyForDeploymentPostprocessing = 0;
		};
		A00EBF511A77D40700565257 /* Sources */ = {
			isa = PBXSourcesBuildPhase;
			buildActionMask = 2147483647;
			files = (
				A00EBF5C1A77D40700565257 /* CXWeiboTests.m in Sources */,
			);
			runOnlyForDeploymentPostprocessing = 0;
		};
/* End PBXSourcesBuildPhase section */

/* Begin PBXTargetDependency section */
		A00EBF571A77D40700565257 /* PBXTargetDependency */ = {
			isa = PBXTargetDependency;
			target = A00EBF3B1A77D40700565257 /* CXWeibo */;
			targetProxy = A00EBF561A77D40700565257 /* PBXContainerItemProxy */;
		};
/* End PBXTargetDependency section */

/* Begin XCBuildConfiguration section */
		A00EBF5D1A77D40700565257 /* Debug */ = {
			isa = XCBuildConfiguration;
			buildSettings = {
				ALWAYS_SEARCH_USER_PATHS = NO;
				CLANG_CXX_LANGUAGE_STANDARD = "gnu++0x";
				CLANG_CXX_LIBRARY = "libc++";
				CLANG_ENABLE_MODULES = YES;
				CLANG_ENABLE_OBJC_ARC = YES;
				CLANG_WARN_BOOL_CONVERSION = YES;
				CLANG_WARN_CONSTANT_CONVERSION = YES;
				CLANG_WARN_DIRECT_OBJC_ISA_USAGE = YES_ERROR;
				CLANG_WARN_EMPTY_BODY = YES;
				CLANG_WARN_ENUM_CONVERSION = YES;
				CLANG_WARN_INT_CONVERSION = YES;
				CLANG_WARN_OBJC_ROOT_CLASS = YES_ERROR;
				CLANG_WARN_UNREACHABLE_CODE = YES;
				CLANG_WARN__DUPLICATE_METHOD_MATCH = YES;
				"CODE_SIGN_IDENTITY[sdk=iphoneos*]" = "iPhone Developer";
				COPY_PHASE_STRIP = NO;
				ENABLE_STRICT_OBJC_MSGSEND = YES;
				GCC_C_LANGUAGE_STANDARD = gnu99;
				GCC_DYNAMIC_NO_PIC = NO;
				GCC_OPTIMIZATION_LEVEL = 0;
				GCC_PREPROCESSOR_DEFINITIONS = (
					"DEBUG=1",
					"$(inherited)",
				);
				GCC_SYMBOLS_PRIVATE_EXTERN = NO;
				GCC_WARN_64_TO_32_BIT_CONVERSION = YES;
				GCC_WARN_ABOUT_RETURN_TYPE = YES_ERROR;
				GCC_WARN_UNDECLARED_SELECTOR = YES;
				GCC_WARN_UNINITIALIZED_AUTOS = YES_AGGRESSIVE;
				GCC_WARN_UNUSED_FUNCTION = YES;
				GCC_WARN_UNUSED_VARIABLE = YES;
				IPHONEOS_DEPLOYMENT_TARGET = 8.1;
				MTL_ENABLE_DEBUG_INFO = YES;
				ONLY_ACTIVE_ARCH = YES;
				SDKROOT = iphoneos;
			};
			name = Debug;
		};
		A00EBF5E1A77D40700565257 /* Release */ = {
			isa = XCBuildConfiguration;
			buildSettings = {
				ALWAYS_SEARCH_USER_PATHS = NO;
				CLANG_CXX_LANGUAGE_STANDARD = "gnu++0x";
				CLANG_CXX_LIBRARY = "libc++";
				CLANG_ENABLE_MODULES = YES;
				CLANG_ENABLE_OBJC_ARC = YES;
				CLANG_WARN_BOOL_CONVERSION = YES;
				CLANG_WARN_CONSTANT_CONVERSION = YES;
				CLANG_WARN_DIRECT_OBJC_ISA_USAGE = YES_ERROR;
				CLANG_WARN_EMPTY_BODY = YES;
				CLANG_WARN_ENUM_CONVERSION = YES;
				CLANG_WARN_INT_CONVERSION = YES;
				CLANG_WARN_OBJC_ROOT_CLASS = YES_ERROR;
				CLANG_WARN_UNREACHABLE_CODE = YES;
				CLANG_WARN__DUPLICATE_METHOD_MATCH = YES;
				"CODE_SIGN_IDENTITY[sdk=iphoneos*]" = "iPhone Developer";
				COPY_PHASE_STRIP = YES;
				ENABLE_NS_ASSERTIONS = NO;
				ENABLE_STRICT_OBJC_MSGSEND = YES;
				GCC_C_LANGUAGE_STANDARD = gnu99;
				GCC_WARN_64_TO_32_BIT_CONVERSION = YES;
				GCC_WARN_ABOUT_RETURN_TYPE = YES_ERROR;
				GCC_WARN_UNDECLARED_SELECTOR = YES;
				GCC_WARN_UNINITIALIZED_AUTOS = YES_AGGRESSIVE;
				GCC_WARN_UNUSED_FUNCTION = YES;
				GCC_WARN_UNUSED_VARIABLE = YES;
				IPHONEOS_DEPLOYMENT_TARGET = 8.1;
				MTL_ENABLE_DEBUG_INFO = NO;
				SDKROOT = iphoneos;
				VALIDATE_PRODUCT = YES;
			};
			name = Release;
		};
		A00EBF601A77D40700565257 /* Debug */ = {
			isa = XCBuildConfiguration;
			buildSettings = {
				ASSETCATALOG_COMPILER_APPICON_NAME = AppIcon;
				ASSETCATALOG_COMPILER_LAUNCHIMAGE_NAME = LaunchImage;
				GCC_PREFIX_HEADER = "CXWeibo/Classes/Other(其他)/PrefixHeader.pch";
				INFOPLIST_FILE = CXWeibo/Info.plist;
				IPHONEOS_DEPLOYMENT_TARGET = 7.1;
				LD_RUNPATH_SEARCH_PATHS = "$(inherited) @executable_path/Frameworks";
				PRODUCT_NAME = "$(TARGET_NAME)";
			};
			name = Debug;
		};
		A00EBF611A77D40700565257 /* Release */ = {
			isa = XCBuildConfiguration;
			buildSettings = {
				ASSETCATALOG_COMPILER_APPICON_NAME = AppIcon;
				ASSETCATALOG_COMPILER_LAUNCHIMAGE_NAME = LaunchImage;
				GCC_PREFIX_HEADER = "CXWeibo/Classes/Other(其他)/PrefixHeader.pch";
				INFOPLIST_FILE = CXWeibo/Info.plist;
				IPHONEOS_DEPLOYMENT_TARGET = 7.1;
				LD_RUNPATH_SEARCH_PATHS = "$(inherited) @executable_path/Frameworks";
				PRODUCT_NAME = "$(TARGET_NAME)";
			};
			name = Release;
		};
		A00EBF631A77D40700565257 /* Debug */ = {
			isa = XCBuildConfiguration;
			buildSettings = {
				BUNDLE_LOADER = "$(TEST_HOST)";
				FRAMEWORK_SEARCH_PATHS = (
					"$(SDKROOT)/Developer/Library/Frameworks",
					"$(inherited)",
				);
				GCC_PREPROCESSOR_DEFINITIONS = (
					"DEBUG=1",
					"$(inherited)",
				);
				INFOPLIST_FILE = CXWeiboTests/Info.plist;
				LD_RUNPATH_SEARCH_PATHS = "$(inherited) @executable_path/Frameworks @loader_path/Frameworks";
				PRODUCT_NAME = "$(TARGET_NAME)";
				TEST_HOST = "$(BUILT_PRODUCTS_DIR)/CXWeibo.app/CXWeibo";
			};
			name = Debug;
		};
		A00EBF641A77D40700565257 /* Release */ = {
			isa = XCBuildConfiguration;
			buildSettings = {
				BUNDLE_LOADER = "$(TEST_HOST)";
				FRAMEWORK_SEARCH_PATHS = (
					"$(SDKROOT)/Developer/Library/Frameworks",
					"$(inherited)",
				);
				INFOPLIST_FILE = CXWeiboTests/Info.plist;
				LD_RUNPATH_SEARCH_PATHS = "$(inherited) @executable_path/Frameworks @loader_path/Frameworks";
				PRODUCT_NAME = "$(TARGET_NAME)";
				TEST_HOST = "$(BUILT_PRODUCTS_DIR)/CXWeibo.app/CXWeibo";
			};
			name = Release;
		};
/* End XCBuildConfiguration section */

/* Begin XCConfigurationList section */
		A00EBF371A77D40700565257 /* Build configuration list for PBXProject "CXWeibo" */ = {
			isa = XCConfigurationList;
			buildConfigurations = (
				A00EBF5D1A77D40700565257 /* Debug */,
				A00EBF5E1A77D40700565257 /* Release */,
			);
			defaultConfigurationIsVisible = 0;
			defaultConfigurationName = Release;
		};
		A00EBF5F1A77D40700565257 /* Build configuration list for PBXNativeTarget "CXWeibo" */ = {
			isa = XCConfigurationList;
			buildConfigurations = (
				A00EBF601A77D40700565257 /* Debug */,
				A00EBF611A77D40700565257 /* Release */,
			);
			defaultConfigurationIsVisible = 0;
		};
		A00EBF621A77D40700565257 /* Build configuration list for PBXNativeTarget "CXWeiboTests" */ = {
			isa = XCConfigurationList;
			buildConfigurations = (
				A00EBF631A77D40700565257 /* Debug */,
				A00EBF641A77D40700565257 /* Release */,
			);
			defaultConfigurationIsVisible = 0;
		};
/* End XCConfigurationList section */
	};
	rootObject = A00EBF341A77D40700565257 /* Project object */;
}
